// !$*UTF8*$!
{
	archiveVersion = 1;
	classes = {
	};
	objectVersion = 51;
	objects = {

/* Begin PBXBuildFile section */
		285B06FD25509E9800156FA6 /* EllipseShape.swift in Sources */ = {isa = PBXBuildFile; fileRef = 285B06EB25509E9800156FA6 /* EllipseShape.swift */; };
		285B06FE25509E9800156FA6 /* TriangleShape.swift in Sources */ = {isa = PBXBuildFile; fileRef = 285B06EC25509E9800156FA6 /* TriangleShape.swift */; };
		285B06FF25509E9800156FA6 /* RectangleShape.swift in Sources */ = {isa = PBXBuildFile; fileRef = 285B06ED25509E9800156FA6 /* RectangleShape.swift */; };
		285B070025509E9800156FA6 /* ShapeModel.swift in Sources */ = {isa = PBXBuildFile; fileRef = 285B06EF25509E9800156FA6 /* ShapeModel.swift */; };
		285B070125509E9800156FA6 /* MyShape.swift in Sources */ = {isa = PBXBuildFile; fileRef = 285B06F025509E9800156FA6 /* MyShape.swift */; };
		285B070225509E9800156FA6 /* CommonTypes.swift in Sources */ = {isa = PBXBuildFile; fileRef = 285B06F125509E9800156FA6 /* CommonTypes.swift */; };
		285B070325509E9800156FA6 /* Canvas.swift in Sources */ = {isa = PBXBuildFile; fileRef = 285B06F325509E9800156FA6 /* Canvas.swift */; };
		285B070525509E9800156FA6 /* ParserImpl.swift in Sources */ = {isa = PBXBuildFile; fileRef = 285B06F925509E9800156FA6 /* ParserImpl.swift */; };
		285B070625509E9800156FA6 /* Parser.swift in Sources */ = {isa = PBXBuildFile; fileRef = 285B06FA25509E9800156FA6 /* Parser.swift */; };
		285B070725509E9800156FA6 /* ListOfShapeGateway.swift in Sources */ = {isa = PBXBuildFile; fileRef = 285B06FB25509E9800156FA6 /* ListOfShapeGateway.swift */; };
		286379AF25548A5500B0FBBA /* GatewayParserImpl.swift in Sources */ = {isa = PBXBuildFile; fileRef = 286379AE25548A5500B0FBBA /* GatewayParserImpl.swift */; };
		286379B425548AB000B0FBBA /* ParserImpl.swift in Sources */ = {isa = PBXBuildFile; fileRef = 285B06F925509E9800156FA6 /* ParserImpl.swift */; };
		286379B925548AB300B0FBBA /* Parser.swift in Sources */ = {isa = PBXBuildFile; fileRef = 285B06FA25509E9800156FA6 /* Parser.swift */; };
		286379BE25548AB800B0FBBA /* ListOfShapeGateway.swift in Sources */ = {isa = PBXBuildFile; fileRef = 285B06FB25509E9800156FA6 /* ListOfShapeGateway.swift */; };
		286379C325548B3600B0FBBA /* ShapeModel.swift in Sources */ = {isa = PBXBuildFile; fileRef = 285B06EF25509E9800156FA6 /* ShapeModel.swift */; };
		28CAD6672549F47200FC3EE4 /* AppDelegate.swift in Sources */ = {isa = PBXBuildFile; fileRef = 28CAD6662549F47200FC3EE4 /* AppDelegate.swift */; };
		28CAD6692549F47200FC3EE4 /* SceneDelegate.swift in Sources */ = {isa = PBXBuildFile; fileRef = 28CAD6682549F47200FC3EE4 /* SceneDelegate.swift */; };
		28CAD66B2549F47200FC3EE4 /* ContentView.swift in Sources */ = {isa = PBXBuildFile; fileRef = 28CAD66A2549F47200FC3EE4 /* ContentView.swift */; };
		28CAD66E2549F47200FC3EE4 /* Figure.xcdatamodeld in Sources */ = {isa = PBXBuildFile; fileRef = 28CAD66C2549F47200FC3EE4 /* Figure.xcdatamodeld */; };
		28CAD6702549F47300FC3EE4 /* Assets.xcassets in Resources */ = {isa = PBXBuildFile; fileRef = 28CAD66F2549F47300FC3EE4 /* Assets.xcassets */; };
		28CAD6732549F47300FC3EE4 /* Preview Assets.xcassets in Resources */ = {isa = PBXBuildFile; fileRef = 28CAD6722549F47300FC3EE4 /* Preview Assets.xcassets */; };
		28CAD6762549F47300FC3EE4 /* LaunchScreen.storyboard in Resources */ = {isa = PBXBuildFile; fileRef = 28CAD6742549F47300FC3EE4 /* LaunchScreen.storyboard */; };
		28CAD68C2549F47300FC3EE4 /* FigureUITests.swift in Sources */ = {isa = PBXBuildFile; fileRef = 28CAD68B2549F47300FC3EE4 /* FigureUITests.swift */; };
		28CAD6DE254A113000FC3EE4 /* ViewModel.swift in Sources */ = {isa = PBXBuildFile; fileRef = 28CAD6DD254A113000FC3EE4 /* ViewModel.swift */; };
		28CAD6E3254A11C200FC3EE4 /* ViewModelImpl.swift in Sources */ = {isa = PBXBuildFile; fileRef = 28CAD6E2254A11C200FC3EE4 /* ViewModelImpl.swift */; };
		7EAF4DD0000A326E83D6A131 /* Pods_Figure.framework in Frameworks */ = {isa = PBXBuildFile; fileRef = 7A5C2163B5F225FD70544D6E /* Pods_Figure.framework */; };
		CC7A05C0CB2BADC338C412F1 /* Pods_FigureTests.framework in Frameworks */ = {isa = PBXBuildFile; fileRef = 857C1EE538F41B2DF23A0726 /* Pods_FigureTests.framework */; };
		D4ED8F09E72D3A2F2E4EE280 /* Pods_Figure_FigureUITests.framework in Frameworks */ = {isa = PBXBuildFile; fileRef = 9988ADC4977A30D7FB2B3B32 /* Pods_Figure_FigureUITests.framework */; };
/* End PBXBuildFile section */

/* Begin PBXContainerItemProxy section */
		285B073F2554884500156FA6 /* PBXContainerItemProxy */ = {
			isa = PBXContainerItemProxy;
			containerPortal = 28CAD65B2549F47200FC3EE4 /* Project object */;
			proxyType = 1;
			remoteGlobalIDString = 28CAD6622549F47200FC3EE4;
			remoteInfo = Figure;
		};
		28CAD67D2549F47300FC3EE4 /* PBXContainerItemProxy */ = {
			isa = PBXContainerItemProxy;
			containerPortal = 28CAD65B2549F47200FC3EE4 /* Project object */;
			proxyType = 1;
			remoteGlobalIDString = 28CAD6622549F47200FC3EE4;
			remoteInfo = Figure;
		};
		28CAD6882549F47300FC3EE4 /* PBXContainerItemProxy */ = {
			isa = PBXContainerItemProxy;
			containerPortal = 28CAD65B2549F47200FC3EE4 /* Project object */;
			proxyType = 1;
			remoteGlobalIDString = 28CAD6622549F47200FC3EE4;
			remoteInfo = Figure;
		};
/* End PBXContainerItemProxy section */

/* Begin PBXFileReference section */
		0E6BC1D238F8668AD2637BAB /* Pods-FigureTests.debug.xcconfig */ = {isa = PBXFileReference; includeInIndex = 1; lastKnownFileType = text.xcconfig; name = "Pods-FigureTests.debug.xcconfig"; path = "Target Support Files/Pods-FigureTests/Pods-FigureTests.debug.xcconfig"; sourceTree = "<group>"; };
		285B06EB25509E9800156FA6 /* EllipseShape.swift */ = {isa = PBXFileReference; fileEncoding = 4; lastKnownFileType = sourcecode.swift; path = EllipseShape.swift; sourceTree = "<group>"; };
		285B06EC25509E9800156FA6 /* TriangleShape.swift */ = {isa = PBXFileReference; fileEncoding = 4; lastKnownFileType = sourcecode.swift; path = TriangleShape.swift; sourceTree = "<group>"; };
		285B06ED25509E9800156FA6 /* RectangleShape.swift */ = {isa = PBXFileReference; fileEncoding = 4; lastKnownFileType = sourcecode.swift; path = RectangleShape.swift; sourceTree = "<group>"; };
		285B06EF25509E9800156FA6 /* ShapeModel.swift */ = {isa = PBXFileReference; fileEncoding = 4; lastKnownFileType = sourcecode.swift; path = ShapeModel.swift; sourceTree = "<group>"; };
		285B06F025509E9800156FA6 /* MyShape.swift */ = {isa = PBXFileReference; fileEncoding = 4; lastKnownFileType = sourcecode.swift; path = MyShape.swift; sourceTree = "<group>"; };
		285B06F125509E9800156FA6 /* CommonTypes.swift */ = {isa = PBXFileReference; fileEncoding = 4; lastKnownFileType = sourcecode.swift; path = CommonTypes.swift; sourceTree = "<group>"; };
		285B06F325509E9800156FA6 /* Canvas.swift */ = {isa = PBXFileReference; fileEncoding = 4; lastKnownFileType = sourcecode.swift; path = Canvas.swift; sourceTree = "<group>"; };
		285B06F925509E9800156FA6 /* ParserImpl.swift */ = {isa = PBXFileReference; fileEncoding = 4; lastKnownFileType = sourcecode.swift; path = ParserImpl.swift; sourceTree = "<group>"; };
		285B06FA25509E9800156FA6 /* Parser.swift */ = {isa = PBXFileReference; fileEncoding = 4; lastKnownFileType = sourcecode.swift; path = Parser.swift; sourceTree = "<group>"; };
		285B06FB25509E9800156FA6 /* ListOfShapeGateway.swift */ = {isa = PBXFileReference; fileEncoding = 4; lastKnownFileType = sourcecode.swift; path = ListOfShapeGateway.swift; sourceTree = "<group>"; };
		285B073A2554884500156FA6 /* GatewayParserImpl.xctest */ = {isa = PBXFileReference; explicitFileType = wrapper.cfbundle; includeInIndex = 0; path = GatewayParserImpl.xctest; sourceTree = BUILT_PRODUCTS_DIR; };
		286379AE25548A5500B0FBBA /* GatewayParserImpl.swift */ = {isa = PBXFileReference; lastKnownFileType = sourcecode.swift; path = GatewayParserImpl.swift; sourceTree = "<group>"; };
		28CAD6632549F47200FC3EE4 /* Figure.app */ = {isa = PBXFileReference; explicitFileType = wrapper.application; includeInIndex = 0; path = Figure.app; sourceTree = BUILT_PRODUCTS_DIR; };
		28CAD6662549F47200FC3EE4 /* AppDelegate.swift */ = {isa = PBXFileReference; lastKnownFileType = sourcecode.swift; path = AppDelegate.swift; sourceTree = "<group>"; };
		28CAD6682549F47200FC3EE4 /* SceneDelegate.swift */ = {isa = PBXFileReference; lastKnownFileType = sourcecode.swift; path = SceneDelegate.swift; sourceTree = "<group>"; };
		28CAD66A2549F47200FC3EE4 /* ContentView.swift */ = {isa = PBXFileReference; lastKnownFileType = sourcecode.swift; path = ContentView.swift; sourceTree = "<group>"; usesTabs = 0; };
		28CAD66D2549F47200FC3EE4 /* Figure.xcdatamodel */ = {isa = PBXFileReference; lastKnownFileType = wrapper.xcdatamodel; path = Figure.xcdatamodel; sourceTree = "<group>"; };
		28CAD66F2549F47300FC3EE4 /* Assets.xcassets */ = {isa = PBXFileReference; lastKnownFileType = folder.assetcatalog; path = Assets.xcassets; sourceTree = "<group>"; };
		28CAD6722549F47300FC3EE4 /* Preview Assets.xcassets */ = {isa = PBXFileReference; lastKnownFileType = folder.assetcatalog; path = "Preview Assets.xcassets"; sourceTree = "<group>"; };
		28CAD6752549F47300FC3EE4 /* Base */ = {isa = PBXFileReference; lastKnownFileType = file.storyboard; name = Base; path = Base.lproj/LaunchScreen.storyboard; sourceTree = "<group>"; };
		28CAD6772549F47300FC3EE4 /* Info.plist */ = {isa = PBXFileReference; lastKnownFileType = text.plist.xml; path = Info.plist; sourceTree = "<group>"; };
		28CAD67C2549F47300FC3EE4 /* FigureTests.xctest */ = {isa = PBXFileReference; explicitFileType = wrapper.cfbundle; includeInIndex = 0; path = FigureTests.xctest; sourceTree = BUILT_PRODUCTS_DIR; };
		28CAD6822549F47300FC3EE4 /* Info.plist */ = {isa = PBXFileReference; lastKnownFileType = text.plist.xml; path = Info.plist; sourceTree = "<group>"; };
		28CAD6872549F47300FC3EE4 /* FigureUITests.xctest */ = {isa = PBXFileReference; explicitFileType = wrapper.cfbundle; includeInIndex = 0; path = FigureUITests.xctest; sourceTree = BUILT_PRODUCTS_DIR; };
		28CAD68B2549F47300FC3EE4 /* FigureUITests.swift */ = {isa = PBXFileReference; lastKnownFileType = sourcecode.swift; path = FigureUITests.swift; sourceTree = "<group>"; };
		28CAD68D2549F47300FC3EE4 /* Info.plist */ = {isa = PBXFileReference; lastKnownFileType = text.plist.xml; path = Info.plist; sourceTree = "<group>"; };
		28CAD6DD254A113000FC3EE4 /* ViewModel.swift */ = {isa = PBXFileReference; lastKnownFileType = sourcecode.swift; path = ViewModel.swift; sourceTree = "<group>"; };
		28CAD6E2254A11C200FC3EE4 /* ViewModelImpl.swift */ = {isa = PBXFileReference; lastKnownFileType = sourcecode.swift; path = ViewModelImpl.swift; sourceTree = "<group>"; };
		3EA3324A932D7C8763CABE5D /* Pods-Figure-FigureUITests.release.xcconfig */ = {isa = PBXFileReference; includeInIndex = 1; lastKnownFileType = text.xcconfig; name = "Pods-Figure-FigureUITests.release.xcconfig"; path = "Target Support Files/Pods-Figure-FigureUITests/Pods-Figure-FigureUITests.release.xcconfig"; sourceTree = "<group>"; };
		6041FADB615F5EB101CF35CA /* Pods-Figure.release.xcconfig */ = {isa = PBXFileReference; includeInIndex = 1; lastKnownFileType = text.xcconfig; name = "Pods-Figure.release.xcconfig"; path = "Target Support Files/Pods-Figure/Pods-Figure.release.xcconfig"; sourceTree = "<group>"; };
		6551F08A7FCD3EBF2292578E /* Pods-FigureTests.release.xcconfig */ = {isa = PBXFileReference; includeInIndex = 1; lastKnownFileType = text.xcconfig; name = "Pods-FigureTests.release.xcconfig"; path = "Target Support Files/Pods-FigureTests/Pods-FigureTests.release.xcconfig"; sourceTree = "<group>"; };
		7A5C2163B5F225FD70544D6E /* Pods_Figure.framework */ = {isa = PBXFileReference; explicitFileType = wrapper.framework; includeInIndex = 0; path = Pods_Figure.framework; sourceTree = BUILT_PRODUCTS_DIR; };
		857C1EE538F41B2DF23A0726 /* Pods_FigureTests.framework */ = {isa = PBXFileReference; explicitFileType = wrapper.framework; includeInIndex = 0; path = Pods_FigureTests.framework; sourceTree = BUILT_PRODUCTS_DIR; };
		9988ADC4977A30D7FB2B3B32 /* Pods_Figure_FigureUITests.framework */ = {isa = PBXFileReference; explicitFileType = wrapper.framework; includeInIndex = 0; path = Pods_Figure_FigureUITests.framework; sourceTree = BUILT_PRODUCTS_DIR; };
		CC1826F455238F4C7A57E03D /* Pods-Figure.debug.xcconfig */ = {isa = PBXFileReference; includeInIndex = 1; lastKnownFileType = text.xcconfig; name = "Pods-Figure.debug.xcconfig"; path = "Target Support Files/Pods-Figure/Pods-Figure.debug.xcconfig"; sourceTree = "<group>"; };
		E5969EDCD685D909DB3FA49A /* Pods-Figure-FigureUITests.debug.xcconfig */ = {isa = PBXFileReference; includeInIndex = 1; lastKnownFileType = text.xcconfig; name = "Pods-Figure-FigureUITests.debug.xcconfig"; path = "Target Support Files/Pods-Figure-FigureUITests/Pods-Figure-FigureUITests.debug.xcconfig"; sourceTree = "<group>"; };
/* End PBXFileReference section */

/* Begin PBXFrameworksBuildPhase section */
		285B07372554884500156FA6 /* Frameworks */ = {
			isa = PBXFrameworksBuildPhase;
			buildActionMask = 2147483647;
			files = (
			);
			runOnlyForDeploymentPostprocessing = 0;
		};
		28CAD6602549F47200FC3EE4 /* Frameworks */ = {
			isa = PBXFrameworksBuildPhase;
			buildActionMask = 2147483647;
			files = (
				7EAF4DD0000A326E83D6A131 /* Pods_Figure.framework in Frameworks */,
			);
			runOnlyForDeploymentPostprocessing = 0;
		};
		28CAD6792549F47300FC3EE4 /* Frameworks */ = {
			isa = PBXFrameworksBuildPhase;
			buildActionMask = 2147483647;
			files = (
				CC7A05C0CB2BADC338C412F1 /* Pods_FigureTests.framework in Frameworks */,
			);
			runOnlyForDeploymentPostprocessing = 0;
		};
		28CAD6842549F47300FC3EE4 /* Frameworks */ = {
			isa = PBXFrameworksBuildPhase;
			buildActionMask = 2147483647;
			files = (
				D4ED8F09E72D3A2F2E4EE280 /* Pods_Figure_FigureUITests.framework in Frameworks */,
			);
			runOnlyForDeploymentPostprocessing = 0;
		};
/* End PBXFrameworksBuildPhase section */

/* Begin PBXGroup section */
		1E5B6652F2F9C4B82CDF57CE /* Pods */ = {
			isa = PBXGroup;
			children = (
				CC1826F455238F4C7A57E03D /* Pods-Figure.debug.xcconfig */,
				6041FADB615F5EB101CF35CA /* Pods-Figure.release.xcconfig */,
				E5969EDCD685D909DB3FA49A /* Pods-Figure-FigureUITests.debug.xcconfig */,
				3EA3324A932D7C8763CABE5D /* Pods-Figure-FigureUITests.release.xcconfig */,
				0E6BC1D238F8668AD2637BAB /* Pods-FigureTests.debug.xcconfig */,
				6551F08A7FCD3EBF2292578E /* Pods-FigureTests.release.xcconfig */,
			);
			path = Pods;
			sourceTree = "<group>";
		};
		285B06E925509E9800156FA6 /* App */ = {
			isa = PBXGroup;
			children = (
				285B06EA25509E9800156FA6 /* SimpleShapes */,
				285B06EE25509E9800156FA6 /* Models */,
				285B06F225509E9800156FA6 /* Canvas */,
				285B06F525509E9800156FA6 /* UseCase */,
			);
			path = App;
			sourceTree = "<group>";
		};
		285B06EA25509E9800156FA6 /* SimpleShapes */ = {
			isa = PBXGroup;
			children = (
				285B06F025509E9800156FA6 /* MyShape.swift */,
				285B06EB25509E9800156FA6 /* EllipseShape.swift */,
				285B06EC25509E9800156FA6 /* TriangleShape.swift */,
				285B06ED25509E9800156FA6 /* RectangleShape.swift */,
			);
			path = SimpleShapes;
			sourceTree = "<group>";
		};
		285B06EE25509E9800156FA6 /* Models */ = {
			isa = PBXGroup;
			children = (
				285B06EF25509E9800156FA6 /* ShapeModel.swift */,
				285B06F125509E9800156FA6 /* CommonTypes.swift */,
			);
			path = Models;
			sourceTree = "<group>";
		};
		285B06F225509E9800156FA6 /* Canvas */ = {
			isa = PBXGroup;
			children = (
				285B06F325509E9800156FA6 /* Canvas.swift */,
			);
			path = Canvas;
			sourceTree = "<group>";
		};
		285B06F525509E9800156FA6 /* UseCase */ = {
			isa = PBXGroup;
			children = (
			);
			path = UseCase;
			sourceTree = "<group>";
		};
		285B06F625509E9800156FA6 /* Infrastructure */ = {
			isa = PBXGroup;
			children = (
				285B06F725509E9800156FA6 /* Gateways */,
			);
			path = Infrastructure;
			sourceTree = "<group>";
		};
		285B06F725509E9800156FA6 /* Gateways */ = {
			isa = PBXGroup;
			children = (
				285B06FB25509E9800156FA6 /* ListOfShapeGateway.swift */,
				285B06F825509E9800156FA6 /* Parser */,
			);
			path = Gateways;
			sourceTree = "<group>";
		};
		285B06F825509E9800156FA6 /* Parser */ = {
			isa = PBXGroup;
			children = (
				285B06F925509E9800156FA6 /* ParserImpl.swift */,
				285B06FA25509E9800156FA6 /* Parser.swift */,
			);
			path = Parser;
			sourceTree = "<group>";
		};
		28CAD65A2549F47200FC3EE4 = {
			isa = PBXGroup;
			children = (
				28CAD6652549F47200FC3EE4 /* Figure */,
				28CAD67F2549F47300FC3EE4 /* FigureTests */,
				28CAD68A2549F47300FC3EE4 /* FigureUITests */,
				28CAD6642549F47200FC3EE4 /* Products */,
				1E5B6652F2F9C4B82CDF57CE /* Pods */,
				7D3C2319591E4DF49524AD6B /* Frameworks */,
			);
			sourceTree = "<group>";
		};
		28CAD6642549F47200FC3EE4 /* Products */ = {
			isa = PBXGroup;
			children = (
				28CAD6632549F47200FC3EE4 /* Figure.app */,
				28CAD67C2549F47300FC3EE4 /* FigureTests.xctest */,
				28CAD6872549F47300FC3EE4 /* FigureUITests.xctest */,
				285B073A2554884500156FA6 /* GatewayParserImpl.xctest */,
			);
			name = Products;
			sourceTree = "<group>";
		};
		28CAD6652549F47200FC3EE4 /* Figure */ = {
			isa = PBXGroup;
			children = (
				285B06E925509E9800156FA6 /* App */,
				285B06F625509E9800156FA6 /* Infrastructure */,
				28CAD6E2254A11C200FC3EE4 /* ViewModelImpl.swift */,
				28CAD6DD254A113000FC3EE4 /* ViewModel.swift */,
				28CAD6662549F47200FC3EE4 /* AppDelegate.swift */,
				28CAD6682549F47200FC3EE4 /* SceneDelegate.swift */,
				28CAD66A2549F47200FC3EE4 /* ContentView.swift */,
				28CAD66F2549F47300FC3EE4 /* Assets.xcassets */,
				28CAD6742549F47300FC3EE4 /* LaunchScreen.storyboard */,
				28CAD6772549F47300FC3EE4 /* Info.plist */,
				28CAD66C2549F47200FC3EE4 /* Figure.xcdatamodeld */,
				28CAD6712549F47300FC3EE4 /* Preview Content */,
			);
			path = Figure;
			sourceTree = "<group>";
		};
		28CAD6712549F47300FC3EE4 /* Preview Content */ = {
			isa = PBXGroup;
			children = (
				28CAD6722549F47300FC3EE4 /* Preview Assets.xcassets */,
			);
			path = "Preview Content";
			sourceTree = "<group>";
		};
		28CAD67F2549F47300FC3EE4 /* FigureTests */ = {
			isa = PBXGroup;
			children = (
				28CAD6822549F47300FC3EE4 /* Info.plist */,
				286379AE25548A5500B0FBBA /* GatewayParserImpl.swift */,
			);
			path = FigureTests;
			sourceTree = "<group>";
		};
		28CAD68A2549F47300FC3EE4 /* FigureUITests */ = {
			isa = PBXGroup;
			children = (
				28CAD68B2549F47300FC3EE4 /* FigureUITests.swift */,
				28CAD68D2549F47300FC3EE4 /* Info.plist */,
			);
			path = FigureUITests;
			sourceTree = "<group>";
		};
		7D3C2319591E4DF49524AD6B /* Frameworks */ = {
			isa = PBXGroup;
			children = (
				7A5C2163B5F225FD70544D6E /* Pods_Figure.framework */,
				9988ADC4977A30D7FB2B3B32 /* Pods_Figure_FigureUITests.framework */,
				857C1EE538F41B2DF23A0726 /* Pods_FigureTests.framework */,
			);
			name = Frameworks;
			sourceTree = "<group>";
		};
/* End PBXGroup section */

/* Begin PBXNativeTarget section */
		285B07392554884500156FA6 /* GatewayParserImpl */ = {
			isa = PBXNativeTarget;
			buildConfigurationList = 285B07412554884500156FA6 /* Build configuration list for PBXNativeTarget "GatewayParserImpl" */;
			buildPhases = (
				285B07362554884500156FA6 /* Sources */,
				285B07372554884500156FA6 /* Frameworks */,
				285B07382554884500156FA6 /* Resources */,
			);
			buildRules = (
			);
			dependencies = (
				285B07402554884500156FA6 /* PBXTargetDependency */,
			);
			name = GatewayParserImpl;
			productName = GatewayParserImpl;
			productReference = 285B073A2554884500156FA6 /* GatewayParserImpl.xctest */;
			productType = "com.apple.product-type.bundle.unit-test";
		};
		28CAD6622549F47200FC3EE4 /* Figure */ = {
			isa = PBXNativeTarget;
			buildConfigurationList = 28CAD6902549F47300FC3EE4 /* Build configuration list for PBXNativeTarget "Figure" */;
			buildPhases = (
				9B9CFB104178D88F42A2AAA9 /* [CP] Check Pods Manifest.lock */,
				28CAD65F2549F47200FC3EE4 /* Sources */,
				28CAD6602549F47200FC3EE4 /* Frameworks */,
				28CAD6612549F47200FC3EE4 /* Resources */,
				624489C888C4F2C579337A14 /* [CP] Embed Pods Frameworks */,
			);
			buildRules = (
			);
			dependencies = (
			);
			name = Figure;
			productName = Figure;
			productReference = 28CAD6632549F47200FC3EE4 /* Figure.app */;
			productType = "com.apple.product-type.application";
		};
		28CAD67B2549F47300FC3EE4 /* FigureTests */ = {
			isa = PBXNativeTarget;
			buildConfigurationList = 28CAD6932549F47300FC3EE4 /* Build configuration list for PBXNativeTarget "FigureTests" */;
			buildPhases = (
				78317A6271F529548B2C9B23 /* [CP] Check Pods Manifest.lock */,
				28CAD6782549F47300FC3EE4 /* Sources */,
				28CAD6792549F47300FC3EE4 /* Frameworks */,
				28CAD67A2549F47300FC3EE4 /* Resources */,
			);
			buildRules = (
			);
			dependencies = (
				28CAD67E2549F47300FC3EE4 /* PBXTargetDependency */,
			);
			name = FigureTests;
			productName = FigureTests;
			productReference = 28CAD67C2549F47300FC3EE4 /* FigureTests.xctest */;
			productType = "com.apple.product-type.bundle.unit-test";
		};
		28CAD6862549F47300FC3EE4 /* FigureUITests */ = {
			isa = PBXNativeTarget;
			buildConfigurationList = 28CAD6962549F47300FC3EE4 /* Build configuration list for PBXNativeTarget "FigureUITests" */;
			buildPhases = (
				E4FAC148E2FA4B0C2D12578C /* [CP] Check Pods Manifest.lock */,
				28CAD6832549F47300FC3EE4 /* Sources */,
				28CAD6842549F47300FC3EE4 /* Frameworks */,
				28CAD6852549F47300FC3EE4 /* Resources */,
				56D2E8B81CA251F208571777 /* [CP] Embed Pods Frameworks */,
			);
			buildRules = (
			);
			dependencies = (
				28CAD6892549F47300FC3EE4 /* PBXTargetDependency */,
			);
			name = FigureUITests;
			productName = FigureUITests;
			productReference = 28CAD6872549F47300FC3EE4 /* FigureUITests.xctest */;
			productType = "com.apple.product-type.bundle.ui-testing";
		};
/* End PBXNativeTarget section */

/* Begin PBXProject section */
		28CAD65B2549F47200FC3EE4 /* Project object */ = {
			isa = PBXProject;
			attributes = {
				LastSwiftUpdateCheck = 1200;
				LastUpgradeCheck = 1200;
				TargetAttributes = {
					285B07392554884500156FA6 = {
						CreatedOnToolsVersion = 12.0.1;
					};
					28CAD6622549F47200FC3EE4 = {
						CreatedOnToolsVersion = 12.0.1;
					};
					28CAD67B2549F47300FC3EE4 = {
						CreatedOnToolsVersion = 12.0.1;
						LastSwiftMigration = 1200;
						TestTargetID = 28CAD6622549F47200FC3EE4;
					};
					28CAD6862549F47300FC3EE4 = {
						CreatedOnToolsVersion = 12.0.1;
					};
				};
			};
			buildConfigurationList = 28CAD65E2549F47200FC3EE4 /* Build configuration list for PBXProject "Figure" */;
			compatibilityVersion = "Xcode 9.3";
			developmentRegion = en;
			hasScannedForEncodings = 0;
			knownRegions = (
				en,
				Base,
			);
			mainGroup = 28CAD65A2549F47200FC3EE4;
			productRefGroup = 28CAD6642549F47200FC3EE4 /* Products */;
			projectDirPath = "";
			projectRoot = "";
			targets = (
				28CAD6622549F47200FC3EE4 /* Figure */,
				28CAD67B2549F47300FC3EE4 /* FigureTests */,
				28CAD6862549F47300FC3EE4 /* FigureUITests */,
				285B07392554884500156FA6 /* GatewayParserImpl */,
			);
		};
/* End PBXProject section */

/* Begin PBXResourcesBuildPhase section */
		285B07382554884500156FA6 /* Resources */ = {
			isa = PBXResourcesBuildPhase;
			buildActionMask = 2147483647;
			files = (
			);
			runOnlyForDeploymentPostprocessing = 0;
		};
		28CAD6612549F47200FC3EE4 /* Resources */ = {
			isa = PBXResourcesBuildPhase;
			buildActionMask = 2147483647;
			files = (
				28CAD6762549F47300FC3EE4 /* LaunchScreen.storyboard in Resources */,
				28CAD6732549F47300FC3EE4 /* Preview Assets.xcassets in Resources */,
				28CAD6702549F47300FC3EE4 /* Assets.xcassets in Resources */,
			);
			runOnlyForDeploymentPostprocessing = 0;
		};
		28CAD67A2549F47300FC3EE4 /* Resources */ = {
			isa = PBXResourcesBuildPhase;
			buildActionMask = 2147483647;
			files = (
			);
			runOnlyForDeploymentPostprocessing = 0;
		};
		28CAD6852549F47300FC3EE4 /* Resources */ = {
			isa = PBXResourcesBuildPhase;
			buildActionMask = 2147483647;
			files = (
			);
			runOnlyForDeploymentPostprocessing = 0;
		};
/* End PBXResourcesBuildPhase section */

/* Begin PBXShellScriptBuildPhase section */
		56D2E8B81CA251F208571777 /* [CP] Embed Pods Frameworks */ = {
			isa = PBXShellScriptBuildPhase;
			buildActionMask = 2147483647;
			files = (
			);
			inputFileListPaths = (
				"${PODS_ROOT}/Target Support Files/Pods-Figure-FigureUITests/Pods-Figure-FigureUITests-frameworks-${CONFIGURATION}-input-files.xcfilelist",
			);
			name = "[CP] Embed Pods Frameworks";
			outputFileListPaths = (
				"${PODS_ROOT}/Target Support Files/Pods-Figure-FigureUITests/Pods-Figure-FigureUITests-frameworks-${CONFIGURATION}-output-files.xcfilelist",
			);
			runOnlyForDeploymentPostprocessing = 0;
			shellPath = /bin/sh;
			shellScript = "\"${PODS_ROOT}/Target Support Files/Pods-Figure-FigureUITests/Pods-Figure-FigureUITests-frameworks.sh\"\n";
			showEnvVarsInLog = 0;
		};
		624489C888C4F2C579337A14 /* [CP] Embed Pods Frameworks */ = {
			isa = PBXShellScriptBuildPhase;
			buildActionMask = 2147483647;
			files = (
			);
			inputFileListPaths = (
				"${PODS_ROOT}/Target Support Files/Pods-Figure/Pods-Figure-frameworks-${CONFIGURATION}-input-files.xcfilelist",
			);
			name = "[CP] Embed Pods Frameworks";
			outputFileListPaths = (
				"${PODS_ROOT}/Target Support Files/Pods-Figure/Pods-Figure-frameworks-${CONFIGURATION}-output-files.xcfilelist",
			);
			runOnlyForDeploymentPostprocessing = 0;
			shellPath = /bin/sh;
			shellScript = "\"${PODS_ROOT}/Target Support Files/Pods-Figure/Pods-Figure-frameworks.sh\"\n";
			showEnvVarsInLog = 0;
		};
		78317A6271F529548B2C9B23 /* [CP] Check Pods Manifest.lock */ = {
			isa = PBXShellScriptBuildPhase;
			buildActionMask = 2147483647;
			files = (
			);
			inputFileListPaths = (
			);
			inputPaths = (
				"${PODS_PODFILE_DIR_PATH}/Podfile.lock",
				"${PODS_ROOT}/Manifest.lock",
			);
			name = "[CP] Check Pods Manifest.lock";
			outputFileListPaths = (
			);
			outputPaths = (
				"$(DERIVED_FILE_DIR)/Pods-FigureTests-checkManifestLockResult.txt",
			);
			runOnlyForDeploymentPostprocessing = 0;
			shellPath = /bin/sh;
			shellScript = "diff \"${PODS_PODFILE_DIR_PATH}/Podfile.lock\" \"${PODS_ROOT}/Manifest.lock\" > /dev/null\nif [ $? != 0 ] ; then\n    # print error to STDERR\n    echo \"error: The sandbox is not in sync with the Podfile.lock. Run 'pod install' or update your CocoaPods installation.\" >&2\n    exit 1\nfi\n# This output is used by Xcode 'outputs' to avoid re-running this script phase.\necho \"SUCCESS\" > \"${SCRIPT_OUTPUT_FILE_0}\"\n";
			showEnvVarsInLog = 0;
		};
		9B9CFB104178D88F42A2AAA9 /* [CP] Check Pods Manifest.lock */ = {
			isa = PBXShellScriptBuildPhase;
			buildActionMask = 2147483647;
			files = (
			);
			inputFileListPaths = (
			);
			inputPaths = (
				"${PODS_PODFILE_DIR_PATH}/Podfile.lock",
				"${PODS_ROOT}/Manifest.lock",
			);
			name = "[CP] Check Pods Manifest.lock";
			outputFileListPaths = (
			);
			outputPaths = (
				"$(DERIVED_FILE_DIR)/Pods-Figure-checkManifestLockResult.txt",
			);
			runOnlyForDeploymentPostprocessing = 0;
			shellPath = /bin/sh;
			shellScript = "diff \"${PODS_PODFILE_DIR_PATH}/Podfile.lock\" \"${PODS_ROOT}/Manifest.lock\" > /dev/null\nif [ $? != 0 ] ; then\n    # print error to STDERR\n    echo \"error: The sandbox is not in sync with the Podfile.lock. Run 'pod install' or update your CocoaPods installation.\" >&2\n    exit 1\nfi\n# This output is used by Xcode 'outputs' to avoid re-running this script phase.\necho \"SUCCESS\" > \"${SCRIPT_OUTPUT_FILE_0}\"\n";
			showEnvVarsInLog = 0;
		};
		E4FAC148E2FA4B0C2D12578C /* [CP] Check Pods Manifest.lock */ = {
			isa = PBXShellScriptBuildPhase;
			buildActionMask = 2147483647;
			files = (
			);
			inputFileListPaths = (
			);
			inputPaths = (
				"${PODS_PODFILE_DIR_PATH}/Podfile.lock",
				"${PODS_ROOT}/Manifest.lock",
			);
			name = "[CP] Check Pods Manifest.lock";
			outputFileListPaths = (
			);
			outputPaths = (
				"$(DERIVED_FILE_DIR)/Pods-Figure-FigureUITests-checkManifestLockResult.txt",
			);
			runOnlyForDeploymentPostprocessing = 0;
			shellPath = /bin/sh;
			shellScript = "diff \"${PODS_PODFILE_DIR_PATH}/Podfile.lock\" \"${PODS_ROOT}/Manifest.lock\" > /dev/null\nif [ $? != 0 ] ; then\n    # print error to STDERR\n    echo \"error: The sandbox is not in sync with the Podfile.lock. Run 'pod install' or update your CocoaPods installation.\" >&2\n    exit 1\nfi\n# This output is used by Xcode 'outputs' to avoid re-running this script phase.\necho \"SUCCESS\" > \"${SCRIPT_OUTPUT_FILE_0}\"\n";
			showEnvVarsInLog = 0;
		};
/* End PBXShellScriptBuildPhase section */

/* Begin PBXSourcesBuildPhase section */
		285B07362554884500156FA6 /* Sources */ = {
			isa = PBXSourcesBuildPhase;
			buildActionMask = 2147483647;
			files = (
			);
			runOnlyForDeploymentPostprocessing = 0;
		};
		28CAD65F2549F47200FC3EE4 /* Sources */ = {
			isa = PBXSourcesBuildPhase;
			buildActionMask = 2147483647;
			files = (
				285B070025509E9800156FA6 /* ShapeModel.swift in Sources */,
				285B070725509E9800156FA6 /* ListOfShapeGateway.swift in Sources */,
				28CAD6DE254A113000FC3EE4 /* ViewModel.swift in Sources */,
				28CAD6672549F47200FC3EE4 /* AppDelegate.swift in Sources */,
				285B06FE25509E9800156FA6 /* TriangleShape.swift in Sources */,
				28CAD6E3254A11C200FC3EE4 /* ViewModelImpl.swift in Sources */,
				285B06FF25509E9800156FA6 /* RectangleShape.swift in Sources */,
				285B070325509E9800156FA6 /* Canvas.swift in Sources */,
				28CAD66E2549F47200FC3EE4 /* Figure.xcdatamodeld in Sources */,
				28CAD6692549F47200FC3EE4 /* SceneDelegate.swift in Sources */,
				285B070525509E9800156FA6 /* ParserImpl.swift in Sources */,
				285B06FD25509E9800156FA6 /* EllipseShape.swift in Sources */,
				28CAD66B2549F47200FC3EE4 /* ContentView.swift in Sources */,
				285B070125509E9800156FA6 /* MyShape.swift in Sources */,
				285B070625509E9800156FA6 /* Parser.swift in Sources */,
				285B070225509E9800156FA6 /* CommonTypes.swift in Sources */,
			);
			runOnlyForDeploymentPostprocessing = 0;
		};
		28CAD6782549F47300FC3EE4 /* Sources */ = {
			isa = PBXSourcesBuildPhase;
			buildActionMask = 2147483647;
			files = (
				286379C325548B3600B0FBBA /* ShapeModel.swift in Sources */,
				286379B425548AB000B0FBBA /* ParserImpl.swift in Sources */,
				286379AF25548A5500B0FBBA /* GatewayParserImpl.swift in Sources */,
				286379B925548AB300B0FBBA /* Parser.swift in Sources */,
				286379BE25548AB800B0FBBA /* ListOfShapeGateway.swift in Sources */,
			);
			runOnlyForDeploymentPostprocessing = 0;
		};
		28CAD6832549F47300FC3EE4 /* Sources */ = {
			isa = PBXSourcesBuildPhase;
			buildActionMask = 2147483647;
			files = (
				28CAD68C2549F47300FC3EE4 /* FigureUITests.swift in Sources */,
			);
			runOnlyForDeploymentPostprocessing = 0;
		};
/* End PBXSourcesBuildPhase section */

/* Begin PBXTargetDependency section */
		285B07402554884500156FA6 /* PBXTargetDependency */ = {
			isa = PBXTargetDependency;
			target = 28CAD6622549F47200FC3EE4 /* Figure */;
			targetProxy = 285B073F2554884500156FA6 /* PBXContainerItemProxy */;
		};
		28CAD67E2549F47300FC3EE4 /* PBXTargetDependency */ = {
			isa = PBXTargetDependency;
			target = 28CAD6622549F47200FC3EE4 /* Figure */;
			targetProxy = 28CAD67D2549F47300FC3EE4 /* PBXContainerItemProxy */;
		};
		28CAD6892549F47300FC3EE4 /* PBXTargetDependency */ = {
			isa = PBXTargetDependency;
			target = 28CAD6622549F47200FC3EE4 /* Figure */;
			targetProxy = 28CAD6882549F47300FC3EE4 /* PBXContainerItemProxy */;
		};
/* End PBXTargetDependency section */

/* Begin PBXVariantGroup section */
		28CAD6742549F47300FC3EE4 /* LaunchScreen.storyboard */ = {
			isa = PBXVariantGroup;
			children = (
				28CAD6752549F47300FC3EE4 /* Base */,
			);
			name = LaunchScreen.storyboard;
			sourceTree = "<group>";
		};
/* End PBXVariantGroup section */

/* Begin XCBuildConfiguration section */
		285B07422554884500156FA6 /* Debug */ = {
			isa = XCBuildConfiguration;
			buildSettings = {
				CODE_SIGN_STYLE = Automatic;
				INFOPLIST_FILE = GatewayParserImpl/Info.plist;
				LD_RUNPATH_SEARCH_PATHS = (
					"$(inherited)",
					"@executable_path/Frameworks",
					"@loader_path/Frameworks",
				);
				PRODUCT_BUNDLE_IDENTIFIER = "Dmitrii-Voronin.GatewayParserImpl";
				PRODUCT_NAME = "$(TARGET_NAME)";
				SWIFT_VERSION = 5.0;
				TARGETED_DEVICE_FAMILY = "1,2";
			};
			name = Debug;
		};
		285B07432554884500156FA6 /* Release */ = {
			isa = XCBuildConfiguration;
			buildSettings = {
				CODE_SIGN_STYLE = Automatic;
				INFOPLIST_FILE = GatewayParserImpl/Info.plist;
				LD_RUNPATH_SEARCH_PATHS = (
					"$(inherited)",
					"@executable_path/Frameworks",
					"@loader_path/Frameworks",
				);
				PRODUCT_BUNDLE_IDENTIFIER = "Dmitrii-Voronin.GatewayParserImpl";
				PRODUCT_NAME = "$(TARGET_NAME)";
				SWIFT_VERSION = 5.0;
				TARGETED_DEVICE_FAMILY = "1,2";
			};
			name = Release;
		};
		28CAD68E2549F47300FC3EE4 /* Debug */ = {
			isa = XCBuildConfiguration;
			buildSettings = {
				ALWAYS_SEARCH_USER_PATHS = NO;
				CLANG_ANALYZER_NONNULL = YES;
				CLANG_ANALYZER_NUMBER_OBJECT_CONVERSION = YES_AGGRESSIVE;
				CLANG_CXX_LANGUAGE_STANDARD = "gnu++14";
				CLANG_CXX_LIBRARY = "libc++";
				CLANG_ENABLE_MODULES = YES;
				CLANG_ENABLE_OBJC_ARC = YES;
				CLANG_ENABLE_OBJC_WEAK = YES;
				CLANG_WARN_BLOCK_CAPTURE_AUTORELEASING = YES;
				CLANG_WARN_BOOL_CONVERSION = YES;
				CLANG_WARN_COMMA = YES;
				CLANG_WARN_CONSTANT_CONVERSION = YES;
				CLANG_WARN_DEPRECATED_OBJC_IMPLEMENTATIONS = YES;
				CLANG_WARN_DIRECT_OBJC_ISA_USAGE = YES_ERROR;
				CLANG_WARN_DOCUMENTATION_COMMENTS = YES;
				CLANG_WARN_EMPTY_BODY = YES;
				CLANG_WARN_ENUM_CONVERSION = YES;
				CLANG_WARN_INFINITE_RECURSION = YES;
				CLANG_WARN_INT_CONVERSION = YES;
				CLANG_WARN_NON_LITERAL_NULL_CONVERSION = YES;
				CLANG_WARN_OBJC_IMPLICIT_RETAIN_SELF = YES;
				CLANG_WARN_OBJC_LITERAL_CONVERSION = YES;
				CLANG_WARN_OBJC_ROOT_CLASS = YES_ERROR;
				CLANG_WARN_QUOTED_INCLUDE_IN_FRAMEWORK_HEADER = YES;
				CLANG_WARN_RANGE_LOOP_ANALYSIS = YES;
				CLANG_WARN_STRICT_PROTOTYPES = YES;
				CLANG_WARN_SUSPICIOUS_MOVE = YES;
				CLANG_WARN_UNGUARDED_AVAILABILITY = YES_AGGRESSIVE;
				CLANG_WARN_UNREACHABLE_CODE = YES;
				CLANG_WARN__DUPLICATE_METHOD_MATCH = YES;
				COPY_PHASE_STRIP = NO;
				DEBUG_INFORMATION_FORMAT = dwarf;
				ENABLE_STRICT_OBJC_MSGSEND = YES;
				ENABLE_TESTABILITY = YES;
				GCC_C_LANGUAGE_STANDARD = gnu11;
				GCC_DYNAMIC_NO_PIC = NO;
				GCC_NO_COMMON_BLOCKS = YES;
				GCC_OPTIMIZATION_LEVEL = 0;
				GCC_PREPROCESSOR_DEFINITIONS = (
					"DEBUG=1",
					"$(inherited)",
				);
				GCC_WARN_64_TO_32_BIT_CONVERSION = YES;
				GCC_WARN_ABOUT_RETURN_TYPE = YES_ERROR;
				GCC_WARN_UNDECLARED_SELECTOR = YES;
				GCC_WARN_UNINITIALIZED_AUTOS = YES_AGGRESSIVE;
				GCC_WARN_UNUSED_FUNCTION = YES;
				GCC_WARN_UNUSED_VARIABLE = YES;
				IPHONEOS_DEPLOYMENT_TARGET = 14.0;
				MTL_ENABLE_DEBUG_INFO = INCLUDE_SOURCE;
				MTL_FAST_MATH = YES;
				ONLY_ACTIVE_ARCH = YES;
				SDKROOT = iphoneos;
				SWIFT_ACTIVE_COMPILATION_CONDITIONS = DEBUG;
				SWIFT_OPTIMIZATION_LEVEL = "-Onone";
			};
			name = Debug;
		};
		28CAD68F2549F47300FC3EE4 /* Release */ = {
			isa = XCBuildConfiguration;
			buildSettings = {
				ALWAYS_SEARCH_USER_PATHS = NO;
				CLANG_ANALYZER_NONNULL = YES;
				CLANG_ANALYZER_NUMBER_OBJECT_CONVERSION = YES_AGGRESSIVE;
				CLANG_CXX_LANGUAGE_STANDARD = "gnu++14";
				CLANG_CXX_LIBRARY = "libc++";
				CLANG_ENABLE_MODULES = YES;
				CLANG_ENABLE_OBJC_ARC = YES;
				CLANG_ENABLE_OBJC_WEAK = YES;
				CLANG_WARN_BLOCK_CAPTURE_AUTORELEASING = YES;
				CLANG_WARN_BOOL_CONVERSION = YES;
				CLANG_WARN_COMMA = YES;
				CLANG_WARN_CONSTANT_CONVERSION = YES;
				CLANG_WARN_DEPRECATED_OBJC_IMPLEMENTATIONS = YES;
				CLANG_WARN_DIRECT_OBJC_ISA_USAGE = YES_ERROR;
				CLANG_WARN_DOCUMENTATION_COMMENTS = YES;
				CLANG_WARN_EMPTY_BODY = YES;
				CLANG_WARN_ENUM_CONVERSION = YES;
				CLANG_WARN_INFINITE_RECURSION = YES;
				CLANG_WARN_INT_CONVERSION = YES;
				CLANG_WARN_NON_LITERAL_NULL_CONVERSION = YES;
				CLANG_WARN_OBJC_IMPLICIT_RETAIN_SELF = YES;
				CLANG_WARN_OBJC_LITERAL_CONVERSION = YES;
				CLANG_WARN_OBJC_ROOT_CLASS = YES_ERROR;
				CLANG_WARN_QUOTED_INCLUDE_IN_FRAMEWORK_HEADER = YES;
				CLANG_WARN_RANGE_LOOP_ANALYSIS = YES;
				CLANG_WARN_STRICT_PROTOTYPES = YES;
				CLANG_WARN_SUSPICIOUS_MOVE = YES;
				CLANG_WARN_UNGUARDED_AVAILABILITY = YES_AGGRESSIVE;
				CLANG_WARN_UNREACHABLE_CODE = YES;
				CLANG_WARN__DUPLICATE_METHOD_MATCH = YES;
				COPY_PHASE_STRIP = NO;
				DEBUG_INFORMATION_FORMAT = "dwarf-with-dsym";
				ENABLE_NS_ASSERTIONS = NO;
				ENABLE_STRICT_OBJC_MSGSEND = YES;
				GCC_C_LANGUAGE_STANDARD = gnu11;
				GCC_NO_COMMON_BLOCKS = YES;
				GCC_WARN_64_TO_32_BIT_CONVERSION = YES;
				GCC_WARN_ABOUT_RETURN_TYPE = YES_ERROR;
				GCC_WARN_UNDECLARED_SELECTOR = YES;
				GCC_WARN_UNINITIALIZED_AUTOS = YES_AGGRESSIVE;
				GCC_WARN_UNUSED_FUNCTION = YES;
				GCC_WARN_UNUSED_VARIABLE = YES;
				IPHONEOS_DEPLOYMENT_TARGET = 14.0;
				MTL_ENABLE_DEBUG_INFO = NO;
				MTL_FAST_MATH = YES;
				SDKROOT = iphoneos;
				SWIFT_COMPILATION_MODE = wholemodule;
				SWIFT_OPTIMIZATION_LEVEL = "-O";
				VALIDATE_PRODUCT = YES;
			};
			name = Release;
		};
		28CAD6912549F47300FC3EE4 /* Debug */ = {
			isa = XCBuildConfiguration;
			baseConfigurationReference = CC1826F455238F4C7A57E03D /* Pods-Figure.debug.xcconfig */;
			buildSettings = {
				ASSETCATALOG_COMPILER_APPICON_NAME = AppIcon;
				ASSETCATALOG_COMPILER_GLOBAL_ACCENT_COLOR_NAME = AccentColor;
				CODE_SIGN_STYLE = Automatic;
				DEVELOPMENT_ASSET_PATHS = "\"Figure/Preview Content\"";
				ENABLE_PREVIEWS = YES;
				INFOPLIST_FILE = Figure/Info.plist;
				LD_RUNPATH_SEARCH_PATHS = (
					"$(inherited)",
					"@executable_path/Frameworks",
				);
				PRODUCT_BUNDLE_IDENTIFIER = "Dmitrii-Voronin.Figure";
				PRODUCT_NAME = "$(TARGET_NAME)";
				SWIFT_VERSION = 5.0;
				TARGETED_DEVICE_FAMILY = "1,2";
			};
			name = Debug;
		};
		28CAD6922549F47300FC3EE4 /* Release */ = {
			isa = XCBuildConfiguration;
			baseConfigurationReference = 6041FADB615F5EB101CF35CA /* Pods-Figure.release.xcconfig */;
			buildSettings = {
				ASSETCATALOG_COMPILER_APPICON_NAME = AppIcon;
				ASSETCATALOG_COMPILER_GLOBAL_ACCENT_COLOR_NAME = AccentColor;
				CODE_SIGN_STYLE = Automatic;
				DEVELOPMENT_ASSET_PATHS = "\"Figure/Preview Content\"";
				ENABLE_PREVIEWS = YES;
				INFOPLIST_FILE = Figure/Info.plist;
				LD_RUNPATH_SEARCH_PATHS = (
					"$(inherited)",
					"@executable_path/Frameworks",
				);
				PRODUCT_BUNDLE_IDENTIFIER = "Dmitrii-Voronin.Figure";
				PRODUCT_NAME = "$(TARGET_NAME)";
				SWIFT_VERSION = 5.0;
				TARGETED_DEVICE_FAMILY = "1,2";
			};
			name = Release;
		};
		28CAD6942549F47300FC3EE4 /* Debug */ = {
			isa = XCBuildConfiguration;
			baseConfigurationReference = 0E6BC1D238F8668AD2637BAB /* Pods-FigureTests.debug.xcconfig */;
			buildSettings = {
				ALWAYS_EMBED_SWIFT_STANDARD_LIBRARIES = YES;
				BUNDLE_LOADER = "$(TEST_HOST)";
				CLANG_ENABLE_MODULES = YES;
				CODE_SIGN_STYLE = Automatic;
				INFOPLIST_FILE = FigureTests/Info.plist;
				IPHONEOS_DEPLOYMENT_TARGET = 14.0;
				LD_RUNPATH_SEARCH_PATHS = (
					"$(inherited)",
					"@executable_path/Frameworks",
					"@loader_path/Frameworks",
				);
				PRODUCT_BUNDLE_IDENTIFIER = "Dmitrii-Voronin.FigureTests";
				PRODUCT_NAME = "$(TARGET_NAME)";
				SWIFT_OBJC_BRIDGING_HEADER = "FigureTests/FigureTests-Bridging-Header.h";
				SWIFT_OPTIMIZATION_LEVEL = "-Onone";
				SWIFT_VERSION = 5.0;
				TARGETED_DEVICE_FAMILY = "1,2";
				TEST_HOST = "$(BUILT_PRODUCTS_DIR)/Figure.app/Figure";
			};
			name = Debug;
		};
		28CAD6952549F47300FC3EE4 /* Release */ = {
			isa = XCBuildConfiguration;
			baseConfigurationReference = 6551F08A7FCD3EBF2292578E /* Pods-FigureTests.release.xcconfig */;
			buildSettings = {
				ALWAYS_EMBED_SWIFT_STANDARD_LIBRARIES = YES;
				BUNDLE_LOADER = "$(TEST_HOST)";
				CLANG_ENABLE_MODULES = YES;
				CODE_SIGN_STYLE = Automatic;
				INFOPLIST_FILE = FigureTests/Info.plist;
				IPHONEOS_DEPLOYMENT_TARGET = 14.0;
				LD_RUNPATH_SEARCH_PATHS = (
					"$(inherited)",
					"@executable_path/Frameworks",
					"@loader_path/Frameworks",
				);
				PRODUCT_BUNDLE_IDENTIFIER = "Dmitrii-Voronin.FigureTests";
				PRODUCT_NAME = "$(TARGET_NAME)";
				SWIFT_OBJC_BRIDGING_HEADER = "FigureTests/FigureTests-Bridging-Header.h";
				SWIFT_VERSION = 5.0;
				TARGETED_DEVICE_FAMILY = "1,2";
				TEST_HOST = "$(BUILT_PRODUCTS_DIR)/Figure.app/Figure";
			};
			name = Release;
		};
		28CAD6972549F47300FC3EE4 /* Debug */ = {
			isa = XCBuildConfiguration;
			baseConfigurationReference = E5969EDCD685D909DB3FA49A /* Pods-Figure-FigureUITests.debug.xcconfig */;
			buildSettings = {
				ALWAYS_EMBED_SWIFT_STANDARD_LIBRARIES = YES;
				CODE_SIGN_STYLE = Automatic;
				INFOPLIST_FILE = FigureUITests/Info.plist;
				LD_RUNPATH_SEARCH_PATHS = (
					"$(inherited)",
					"@executable_path/Frameworks",
					"@loader_path/Frameworks",
				);
				PRODUCT_BUNDLE_IDENTIFIER = "Dmitrii-Voronin.FigureUITests";
				PRODUCT_NAME = "$(TARGET_NAME)";
				PROVISIONING_PROFILE = "";
				SWIFT_VERSION = 5.0;
				TARGETED_DEVICE_FAMILY = "1,2";
			};
			name = Debug;
		};
		28CAD6982549F47300FC3EE4 /* Release */ = {
			isa = XCBuildConfiguration;
			baseConfigurationReference = 3EA3324A932D7C8763CABE5D /* Pods-Figure-FigureUITests.release.xcconfig */;
			buildSettings = {
				ALWAYS_EMBED_SWIFT_STANDARD_LIBRARIES = YES;
				CODE_SIGN_STYLE = Automatic;
				INFOPLIST_FILE = FigureUITests/Info.plist;
				LD_RUNPATH_SEARCH_PATHS = (
					"$(inherited)",
					"@executable_path/Frameworks",
					"@loader_path/Frameworks",
				);
				PRODUCT_BUNDLE_IDENTIFIER = "Dmitrii-Voronin.FigureUITests";
				PRODUCT_NAME = "$(TARGET_NAME)";
				PROVISIONING_PROFILE = "";
				SWIFT_VERSION = 5.0;
				TARGETED_DEVICE_FAMILY = "1,2";
			};
			name = Release;
		};
/* End XCBuildConfiguration section */

/* Begin XCConfigurationList section */
		285B07412554884500156FA6 /* Build configuration list for PBXNativeTarget "GatewayParserImpl" */ = {
			isa = XCConfigurationList;
			buildConfigurations = (
				285B07422554884500156FA6 /* Debug */,
				285B07432554884500156FA6 /* Release */,
			);
			defaultConfigurationIsVisible = 0;
			defaultConfigurationName = Release;
		};
		28CAD65E2549F47200FC3EE4 /* Build configuration list for PBXProject "Figure" */ = {
			isa = XCConfigurationList;
			buildConfigurations = (
				28CAD68E2549F47300FC3EE4 /* Debug */,
				28CAD68F2549F47300FC3EE4 /* Release */,
			);
			defaultConfigurationIsVisible = 0;
			defaultConfigurationName = Release;
		};
		28CAD6902549F47300FC3EE4 /* Build configuration list for PBXNativeTarget "Figure" */ = {
			isa = XCConfigurationList;
			buildConfigurations = (
				28CAD6912549F47300FC3EE4 /* Debug */,
				28CAD6922549F47300FC3EE4 /* Release */,
			);
			defaultConfigurationIsVisible = 0;
			defaultConfigurationName = Release;
		};
		28CAD6932549F47300FC3EE4 /* Build configuration list for PBXNativeTarget "FigureTests" */ = {
			isa = XCConfigurationList;
			buildConfigurations = (
				28CAD6942549F47300FC3EE4 /* Debug */,
				28CAD6952549F47300FC3EE4 /* Release */,
			);
			defaultConfigurationIsVisible = 0;
			defaultConfigurationName = Release;
		};
		28CAD6962549F47300FC3EE4 /* Build configuration list for PBXNativeTarget "FigureUITests" */ = {
			isa = XCConfigurationList;
			buildConfigurations = (
				28CAD6972549F47300FC3EE4 /* Debug */,
				28CAD6982549F47300FC3EE4 /* Release */,
			);
			defaultConfigurationIsVisible = 0;
			defaultConfigurationName = Release;
		};
/* End XCConfigurationList section */

/* Begin XCVersionGroup section */
		28CAD66C2549F47200FC3EE4 /* Figure.xcdatamodeld */ = {
			isa = XCVersionGroup;
			children = (
				28CAD66D2549F47200FC3EE4 /* Figure.xcdatamodel */,
			);
			currentVersion = 28CAD66D2549F47200FC3EE4 /* Figure.xcdatamodel */;
			path = Figure.xcdatamodeld;
			sourceTree = "<group>";
			versionGroupType = wrapper.xcdatamodel;
		};
/* End XCVersionGroup section */
	};
	rootObject = 28CAD65B2549F47200FC3EE4 /* Project object */;
}
