// !$*UTF8*$!
{
	archiveVersion = 1;
	classes = {
	};
	objectVersion = 50;
	objects = {

/* Begin PBXBuildFile section */
		286373402536E74A00F78AE4 /* main.swift in Sources */ = {isa = PBXBuildFile; fileRef = 2863733F2536E74A00F78AE4 /* main.swift */; };
		2863734A2536E9C000F78AE4 /* graphics_lib.swift in Sources */ = {isa = PBXBuildFile; fileRef = 286373492536E9C000F78AE4 /* graphics_lib.swift */; };
		2863734E2536EAB000F78AE4 /* modern_graphics_lib.swift in Sources */ = {isa = PBXBuildFile; fileRef = 2863734D2536EAB000F78AE4 /* modern_graphics_lib.swift */; };
		286373512536EBD500F78AE4 /* Errors.swift in Sources */ = {isa = PBXBuildFile; fileRef = 286373502536EBD500F78AE4 /* Errors.swift */; };
		286373542536EE7D00F78AE4 /* shape_drawing_lib.swift in Sources */ = {isa = PBXBuildFile; fileRef = 286373532536EE7D00F78AE4 /* shape_drawing_lib.swift */; };
		286373582536F2C600F78AE4 /* app.swift in Sources */ = {isa = PBXBuildFile; fileRef = 286373572536F2C600F78AE4 /* app.swift */; };
		2863735B2538EE7000F78AE4 /* Stream.swift in Sources */ = {isa = PBXBuildFile; fileRef = 2863735A2538EE7000F78AE4 /* Stream.swift */; };
		286373A7253A1B7D00F78AE4 /* AdapterTests.swift in Sources */ = {isa = PBXBuildFile; fileRef = 286373A6253A1B7D00F78AE4 /* AdapterTests.swift */; };
		286373B4253A1BEC00F78AE4 /* Stream.swift in Sources */ = {isa = PBXBuildFile; fileRef = 2863735A2538EE7000F78AE4 /* Stream.swift */; };
		286373B7253A1BEF00F78AE4 /* Errors.swift in Sources */ = {isa = PBXBuildFile; fileRef = 286373502536EBD500F78AE4 /* Errors.swift */; };
		286373BA253A1BF100F78AE4 /* shape_drawing_lib.swift in Sources */ = {isa = PBXBuildFile; fileRef = 286373532536EE7D00F78AE4 /* shape_drawing_lib.swift */; };
		286373BD253A1BF300F78AE4 /* modern_graphics_lib.swift in Sources */ = {isa = PBXBuildFile; fileRef = 2863734D2536EAB000F78AE4 /* modern_graphics_lib.swift */; };
		286373C0253A1BF600F78AE4 /* graphics_lib.swift in Sources */ = {isa = PBXBuildFile; fileRef = 286373492536E9C000F78AE4 /* graphics_lib.swift */; };
		286373C3253A1BF800F78AE4 /* app.swift in Sources */ = {isa = PBXBuildFile; fileRef = 286373572536F2C600F78AE4 /* app.swift */; };
/* End PBXBuildFile section */

/* Begin PBXCopyFilesBuildPhase section */
		2863733A2536E74A00F78AE4 /* CopyFiles */ = {
			isa = PBXCopyFilesBuildPhase;
			buildActionMask = 2147483647;
			dstPath = /usr/share/man/man1/;
			dstSubfolderSpec = 0;
			files = (
			);
			runOnlyForDeploymentPostprocessing = 1;
		};
/* End PBXCopyFilesBuildPhase section */

/* Begin PBXFileReference section */
		2863733C2536E74A00F78AE4 /* Adapter */ = {isa = PBXFileReference; explicitFileType = "compiled.mach-o.executable"; includeInIndex = 0; path = Adapter; sourceTree = BUILT_PRODUCTS_DIR; };
		2863733F2536E74A00F78AE4 /* main.swift */ = {isa = PBXFileReference; lastKnownFileType = sourcecode.swift; path = main.swift; sourceTree = "<group>"; };
		286373492536E9C000F78AE4 /* graphics_lib.swift */ = {isa = PBXFileReference; lastKnownFileType = sourcecode.swift; path = graphics_lib.swift; sourceTree = "<group>"; };
		2863734D2536EAB000F78AE4 /* modern_graphics_lib.swift */ = {isa = PBXFileReference; lastKnownFileType = sourcecode.swift; path = modern_graphics_lib.swift; sourceTree = "<group>"; };
		286373502536EBD500F78AE4 /* Errors.swift */ = {isa = PBXFileReference; lastKnownFileType = sourcecode.swift; path = Errors.swift; sourceTree = "<group>"; };
		286373532536EE7D00F78AE4 /* shape_drawing_lib.swift */ = {isa = PBXFileReference; lastKnownFileType = sourcecode.swift; path = shape_drawing_lib.swift; sourceTree = "<group>"; };
		286373572536F2C600F78AE4 /* app.swift */ = {isa = PBXFileReference; lastKnownFileType = sourcecode.swift; path = app.swift; sourceTree = "<group>"; };
		2863735A2538EE7000F78AE4 /* Stream.swift */ = {isa = PBXFileReference; lastKnownFileType = sourcecode.swift; path = Stream.swift; sourceTree = "<group>"; };
		286373A4253A1B7D00F78AE4 /* AdapterTests.xctest */ = {isa = PBXFileReference; explicitFileType = wrapper.cfbundle; includeInIndex = 0; path = AdapterTests.xctest; sourceTree = BUILT_PRODUCTS_DIR; };
		286373A6253A1B7D00F78AE4 /* AdapterTests.swift */ = {isa = PBXFileReference; lastKnownFileType = sourcecode.swift; path = AdapterTests.swift; sourceTree = "<group>"; };
		286373A8253A1B7D00F78AE4 /* Info.plist */ = {isa = PBXFileReference; lastKnownFileType = text.plist.xml; path = Info.plist; sourceTree = "<group>"; };
/* End PBXFileReference section */

/* Begin PBXFrameworksBuildPhase section */
		286373392536E74A00F78AE4 /* Frameworks */ = {
			isa = PBXFrameworksBuildPhase;
			buildActionMask = 2147483647;
			files = (
			);
			runOnlyForDeploymentPostprocessing = 0;
		};
		286373A1253A1B7D00F78AE4 /* Frameworks */ = {
			isa = PBXFrameworksBuildPhase;
			buildActionMask = 2147483647;
			files = (
			);
			runOnlyForDeploymentPostprocessing = 0;
		};
/* End PBXFrameworksBuildPhase section */

/* Begin PBXGroup section */
		286373332536E74A00F78AE4 = {
			isa = PBXGroup;
			children = (
				2863733E2536E74A00F78AE4 /* Adapter */,
				286373A5253A1B7D00F78AE4 /* AdapterTests */,
				2863733D2536E74A00F78AE4 /* Products */,
			);
			sourceTree = "<group>";
		};
		2863733D2536E74A00F78AE4 /* Products */ = {
			isa = PBXGroup;
			children = (
				2863733C2536E74A00F78AE4 /* Adapter */,
				286373A4253A1B7D00F78AE4 /* AdapterTests.xctest */,
			);
			name = Products;
			sourceTree = "<group>";
		};
		2863733E2536E74A00F78AE4 /* Adapter */ = {
			isa = PBXGroup;
			children = (
				286373472536E98400F78AE4 /* ClassAdapter */,
				2863733F2536E74A00F78AE4 /* main.swift */,
			);
			path = Adapter;
			sourceTree = "<group>";
		};
		286373472536E98400F78AE4 /* ClassAdapter */ = {
			isa = PBXGroup;
			children = (
				286373562536F2AF00F78AE4 /* app */,
				286373482536E9A000F78AE4 /* libs */,
				286373502536EBD500F78AE4 /* Errors.swift */,
				2863735A2538EE7000F78AE4 /* Stream.swift */,
			);
			path = ClassAdapter;
			sourceTree = "<group>";
		};
		286373482536E9A000F78AE4 /* libs */ = {
			isa = PBXGroup;
			children = (
				286373492536E9C000F78AE4 /* graphics_lib.swift */,
				2863734D2536EAB000F78AE4 /* modern_graphics_lib.swift */,
				286373532536EE7D00F78AE4 /* shape_drawing_lib.swift */,
			);
			path = libs;
			sourceTree = "<group>";
		};
		286373562536F2AF00F78AE4 /* app */ = {
			isa = PBXGroup;
			children = (
				286373572536F2C600F78AE4 /* app.swift */,
			);
			path = app;
			sourceTree = "<group>";
		};
		286373A5253A1B7D00F78AE4 /* AdapterTests */ = {
			isa = PBXGroup;
			children = (
				286373A6253A1B7D00F78AE4 /* AdapterTests.swift */,
				286373A8253A1B7D00F78AE4 /* Info.plist */,
			);
			path = AdapterTests;
			sourceTree = "<group>";
		};
/* End PBXGroup section */

/* Begin PBXNativeTarget section */
		2863733B2536E74A00F78AE4 /* Adapter */ = {
			isa = PBXNativeTarget;
			buildConfigurationList = 286373432536E74A00F78AE4 /* Build configuration list for PBXNativeTarget "Adapter" */;
			buildPhases = (
				286373382536E74A00F78AE4 /* Sources */,
				286373392536E74A00F78AE4 /* Frameworks */,
				2863733A2536E74A00F78AE4 /* CopyFiles */,
			);
			buildRules = (
			);
			dependencies = (
			);
			name = Adapter;
			productName = Adapter;
			productReference = 2863733C2536E74A00F78AE4 /* Adapter */;
			productType = "com.apple.product-type.tool";
		};
		286373A3253A1B7D00F78AE4 /* AdapterTests */ = {
			isa = PBXNativeTarget;
			buildConfigurationList = 286373AB253A1B7D00F78AE4 /* Build configuration list for PBXNativeTarget "AdapterTests" */;
			buildPhases = (
				286373A0253A1B7D00F78AE4 /* Sources */,
				286373A1253A1B7D00F78AE4 /* Frameworks */,
				286373A2253A1B7D00F78AE4 /* Resources */,
			);
			buildRules = (
			);
			dependencies = (
			);
			name = AdapterTests;
			productName = AdapterTests;
			productReference = 286373A4253A1B7D00F78AE4 /* AdapterTests.xctest */;
			productType = "com.apple.product-type.bundle.unit-test";
		};
/* End PBXNativeTarget section */

/* Begin PBXProject section */
		286373342536E74A00F78AE4 /* Project object */ = {
			isa = PBXProject;
			attributes = {
				LastSwiftUpdateCheck = 1200;
				LastUpgradeCheck = 1200;
				TargetAttributes = {
					2863733B2536E74A00F78AE4 = {
						CreatedOnToolsVersion = 12.0.1;
					};
					286373A3253A1B7D00F78AE4 = {
						CreatedOnToolsVersion = 12.0.1;
					};
				};
			};
			buildConfigurationList = 286373372536E74A00F78AE4 /* Build configuration list for PBXProject "Adapter" */;
			compatibilityVersion = "Xcode 9.3";
			developmentRegion = en;
			hasScannedForEncodings = 0;
			knownRegions = (
				en,
				Base,
			);
			mainGroup = 286373332536E74A00F78AE4;
			productRefGroup = 2863733D2536E74A00F78AE4 /* Products */;
			projectDirPath = "";
			projectRoot = "";
			targets = (
				2863733B2536E74A00F78AE4 /* Adapter */,
				286373A3253A1B7D00F78AE4 /* AdapterTests */,
			);
		};
/* End PBXProject section */

/* Begin PBXResourcesBuildPhase section */
		286373A2253A1B7D00F78AE4 /* Resources */ = {
			isa = PBXResourcesBuildPhase;
			buildActionMask = 2147483647;
			files = (
			);
			runOnlyForDeploymentPostprocessing = 0;
		};
/* End PBXResourcesBuildPhase section */

/* Begin PBXSourcesBuildPhase section */
		286373382536E74A00F78AE4 /* Sources */ = {
			isa = PBXSourcesBuildPhase;
			buildActionMask = 2147483647;
			files = (
				286373512536EBD500F78AE4 /* Errors.swift in Sources */,
				286373582536F2C600F78AE4 /* app.swift in Sources */,
				2863734E2536EAB000F78AE4 /* modern_graphics_lib.swift in Sources */,
				2863734A2536E9C000F78AE4 /* graphics_lib.swift in Sources */,
				286373542536EE7D00F78AE4 /* shape_drawing_lib.swift in Sources */,
				286373402536E74A00F78AE4 /* main.swift in Sources */,
				2863735B2538EE7000F78AE4 /* Stream.swift in Sources */,
			);
			runOnlyForDeploymentPostprocessing = 0;
		};
		286373A0253A1B7D00F78AE4 /* Sources */ = {
			isa = PBXSourcesBuildPhase;
			buildActionMask = 2147483647;
			files = (
				286373C3253A1BF800F78AE4 /* app.swift in Sources */,
				286373BA253A1BF100F78AE4 /* shape_drawing_lib.swift in Sources */,
				286373BD253A1BF300F78AE4 /* modern_graphics_lib.swift in Sources */,
				286373C0253A1BF600F78AE4 /* graphics_lib.swift in Sources */,
				286373A7253A1B7D00F78AE4 /* AdapterTests.swift in Sources */,
				286373B7253A1BEF00F78AE4 /* Errors.swift in Sources */,
				286373B4253A1BEC00F78AE4 /* Stream.swift in Sources */,
			);
			runOnlyForDeploymentPostprocessing = 0;
		};
/* End PBXSourcesBuildPhase section */

/* Begin XCBuildConfiguration section */
		286373412536E74A00F78AE4 /* Debug */ = {
			isa = XCBuildConfiguration;
			buildSettings = {
				ALWAYS_SEARCH_USER_PATHS = NO;
				CLANG_ANALYZER_NONNULL = YES;
				CLANG_ANALYZER_NUMBER_OBJECT_CONVERSION = YES_AGGRESSIVE;
				CLANG_CXX_LANGUAGE_STANDARD = "gnu++14";
				CLANG_CXX_LIBRARY = "libc++";
				CLANG_ENABLE_MODULES = YES;
				CLANG_ENABLE_OBJC_ARC = YES;
				CLANG_ENABLE_OBJC_WEAK = YES;
				CLANG_WARN_BLOCK_CAPTURE_AUTORELEASING = YES;
				CLANG_WARN_BOOL_CONVERSION = YES;
				CLANG_WARN_COMMA = YES;
				CLANG_WARN_CONSTANT_CONVERSION = YES;
				CLANG_WARN_DEPRECATED_OBJC_IMPLEMENTATIONS = YES;
				CLANG_WARN_DIRECT_OBJC_ISA_USAGE = YES_ERROR;
				CLANG_WARN_DOCUMENTATION_COMMENTS = YES;
				CLANG_WARN_EMPTY_BODY = YES;
				CLANG_WARN_ENUM_CONVERSION = YES;
				CLANG_WARN_INFINITE_RECURSION = YES;
				CLANG_WARN_INT_CONVERSION = YES;
				CLANG_WARN_NON_LITERAL_NULL_CONVERSION = YES;
				CLANG_WARN_OBJC_IMPLICIT_RETAIN_SELF = YES;
				CLANG_WARN_OBJC_LITERAL_CONVERSION = YES;
				CLANG_WARN_OBJC_ROOT_CLASS = YES_ERROR;
				CLANG_WARN_QUOTED_INCLUDE_IN_FRAMEWORK_HEADER = YES;
				CLANG_WARN_RANGE_LOOP_ANALYSIS = YES;
				CLANG_WARN_STRICT_PROTOTYPES = YES;
				CLANG_WARN_SUSPICIOUS_MOVE = YES;
				CLANG_WARN_UNGUARDED_AVAILABILITY = YES_AGGRESSIVE;
				CLANG_WARN_UNREACHABLE_CODE = YES;
				CLANG_WARN__DUPLICATE_METHOD_MATCH = YES;
				COPY_PHASE_STRIP = NO;
				DEBUG_INFORMATION_FORMAT = dwarf;
				ENABLE_STRICT_OBJC_MSGSEND = YES;
				ENABLE_TESTABILITY = YES;
				GCC_C_LANGUAGE_STANDARD = gnu11;
				GCC_DYNAMIC_NO_PIC = NO;
				GCC_NO_COMMON_BLOCKS = YES;
				GCC_OPTIMIZATION_LEVEL = 0;
				GCC_PREPROCESSOR_DEFINITIONS = (
					"DEBUG=1",
					"$(inherited)",
				);
				GCC_WARN_64_TO_32_BIT_CONVERSION = YES;
				GCC_WARN_ABOUT_RETURN_TYPE = YES_ERROR;
				GCC_WARN_UNDECLARED_SELECTOR = YES;
				GCC_WARN_UNINITIALIZED_AUTOS = YES_AGGRESSIVE;
				GCC_WARN_UNUSED_FUNCTION = YES;
				GCC_WARN_UNUSED_VARIABLE = YES;
				MACOSX_DEPLOYMENT_TARGET = 10.15;
				MTL_ENABLE_DEBUG_INFO = INCLUDE_SOURCE;
				MTL_FAST_MATH = YES;
				ONLY_ACTIVE_ARCH = YES;
				SDKROOT = macosx;
				SWIFT_ACTIVE_COMPILATION_CONDITIONS = DEBUG;
				SWIFT_OPTIMIZATION_LEVEL = "-Onone";
			};
			name = Debug;
		};
		286373422536E74A00F78AE4 /* Release */ = {
			isa = XCBuildConfiguration;
			buildSettings = {
				ALWAYS_SEARCH_USER_PATHS = NO;
				CLANG_ANALYZER_NONNULL = YES;
				CLANG_ANALYZER_NUMBER_OBJECT_CONVERSION = YES_AGGRESSIVE;
				CLANG_CXX_LANGUAGE_STANDARD = "gnu++14";
				CLANG_CXX_LIBRARY = "libc++";
				CLANG_ENABLE_MODULES = YES;
				CLANG_ENABLE_OBJC_ARC = YES;
				CLANG_ENABLE_OBJC_WEAK = YES;
				CLANG_WARN_BLOCK_CAPTURE_AUTORELEASING = YES;
				CLANG_WARN_BOOL_CONVERSION = YES;
				CLANG_WARN_COMMA = YES;
				CLANG_WARN_CONSTANT_CONVERSION = YES;
				CLANG_WARN_DEPRECATED_OBJC_IMPLEMENTATIONS = YES;
				CLANG_WARN_DIRECT_OBJC_ISA_USAGE = YES_ERROR;
				CLANG_WARN_DOCUMENTATION_COMMENTS = YES;
				CLANG_WARN_EMPTY_BODY = YES;
				CLANG_WARN_ENUM_CONVERSION = YES;
				CLANG_WARN_INFINITE_RECURSION = YES;
				CLANG_WARN_INT_CONVERSION = YES;
				CLANG_WARN_NON_LITERAL_NULL_CONVERSION = YES;
				CLANG_WARN_OBJC_IMPLICIT_RETAIN_SELF = YES;
				CLANG_WARN_OBJC_LITERAL_CONVERSION = YES;
				CLANG_WARN_OBJC_ROOT_CLASS = YES_ERROR;
				CLANG_WARN_QUOTED_INCLUDE_IN_FRAMEWORK_HEADER = YES;
				CLANG_WARN_RANGE_LOOP_ANALYSIS = YES;
				CLANG_WARN_STRICT_PROTOTYPES = YES;
				CLANG_WARN_SUSPICIOUS_MOVE = YES;
				CLANG_WARN_UNGUARDED_AVAILABILITY = YES_AGGRESSIVE;
				CLANG_WARN_UNREACHABLE_CODE = YES;
				CLANG_WARN__DUPLICATE_METHOD_MATCH = YES;
				COPY_PHASE_STRIP = NO;
				DEBUG_INFORMATION_FORMAT = "dwarf-with-dsym";
				ENABLE_NS_ASSERTIONS = NO;
				ENABLE_STRICT_OBJC_MSGSEND = YES;
				GCC_C_LANGUAGE_STANDARD = gnu11;
				GCC_NO_COMMON_BLOCKS = YES;
				GCC_WARN_64_TO_32_BIT_CONVERSION = YES;
				GCC_WARN_ABOUT_RETURN_TYPE = YES_ERROR;
				GCC_WARN_UNDECLARED_SELECTOR = YES;
				GCC_WARN_UNINITIALIZED_AUTOS = YES_AGGRESSIVE;
				GCC_WARN_UNUSED_FUNCTION = YES;
				GCC_WARN_UNUSED_VARIABLE = YES;
				MACOSX_DEPLOYMENT_TARGET = 10.15;
				MTL_ENABLE_DEBUG_INFO = NO;
				MTL_FAST_MATH = YES;
				SDKROOT = macosx;
				SWIFT_COMPILATION_MODE = wholemodule;
				SWIFT_OPTIMIZATION_LEVEL = "-O";
			};
			name = Release;
		};
		286373442536E74A00F78AE4 /* Debug */ = {
			isa = XCBuildConfiguration;
			buildSettings = {
				CODE_SIGN_STYLE = Automatic;
				PRODUCT_NAME = "$(TARGET_NAME)";
				SWIFT_VERSION = 5.0;
			};
			name = Debug;
		};
		286373452536E74A00F78AE4 /* Release */ = {
			isa = XCBuildConfiguration;
			buildSettings = {
				CODE_SIGN_STYLE = Automatic;
				PRODUCT_NAME = "$(TARGET_NAME)";
				SWIFT_VERSION = 5.0;
			};
			name = Release;
		};
		286373A9253A1B7D00F78AE4 /* Debug */ = {
			isa = XCBuildConfiguration;
			buildSettings = {
				CODE_SIGN_STYLE = Automatic;
				COMBINE_HIDPI_IMAGES = YES;
				INFOPLIST_FILE = AdapterTests/Info.plist;
				LD_RUNPATH_SEARCH_PATHS = (
					"$(inherited)",
					"@executable_path/../Frameworks",
					"@loader_path/../Frameworks",
				);
				PRODUCT_BUNDLE_IDENTIFIER = "Dmitrii-Voronin.AdapterTests";
				PRODUCT_NAME = "$(TARGET_NAME)";
				SWIFT_VERSION = 5.0;
			};
			name = Debug;
		};
		286373AA253A1B7D00F78AE4 /* Release */ = {
			isa = XCBuildConfiguration;
			buildSettings = {
				CODE_SIGN_STYLE = Automatic;
				COMBINE_HIDPI_IMAGES = YES;
				INFOPLIST_FILE = AdapterTests/Info.plist;
				LD_RUNPATH_SEARCH_PATHS = (
					"$(inherited)",
					"@executable_path/../Frameworks",
					"@loader_path/../Frameworks",
				);
				PRODUCT_BUNDLE_IDENTIFIER = "Dmitrii-Voronin.AdapterTests";
				PRODUCT_NAME = "$(TARGET_NAME)";
				SWIFT_VERSION = 5.0;
			};
			name = Release;
		};
/* End XCBuildConfiguration section */

/* Begin XCConfigurationList section */
		286373372536E74A00F78AE4 /* Build configuration list for PBXProject "Adapter" */ = {
			isa = XCConfigurationList;
			buildConfigurations = (
				286373412536E74A00F78AE4 /* Debug */,
				286373422536E74A00F78AE4 /* Release */,
			);
			defaultConfigurationIsVisible = 0;
			defaultConfigurationName = Release;
		};
		286373432536E74A00F78AE4 /* Build configuration list for PBXNativeTarget "Adapter" */ = {
			isa = XCConfigurationList;
			buildConfigurations = (
				286373442536E74A00F78AE4 /* Debug */,
				286373452536E74A00F78AE4 /* Release */,
			);
			defaultConfigurationIsVisible = 0;
			defaultConfigurationName = Release;
		};
		286373AB253A1B7D00F78AE4 /* Build configuration list for PBXNativeTarget "AdapterTests" */ = {
			isa = XCConfigurationList;
			buildConfigurations = (
				286373A9253A1B7D00F78AE4 /* Debug */,
				286373AA253A1B7D00F78AE4 /* Release */,
			);
			defaultConfigurationIsVisible = 0;
			defaultConfigurationName = Release;
		};
/* End XCConfigurationList section */
	};
	rootObject = 286373342536E74A00F78AE4 /* Project object */;
}
