// !$*UTF8*$!
{
	archiveVersion = 1;
	classes = {
	};
	objectVersion = 50;
	objects = {

/* Begin PBXBuildFile section */
		28CAD6092546FB2D00FC3EE4 /* main.swift in Sources */ = {isa = PBXBuildFile; fileRef = 28CAD6082546FB2D00FC3EE4 /* main.swift */; };
		28CAD6112546FB3800FC3EE4 /* NaiveGumBallMachine.swift in Sources */ = {isa = PBXBuildFile; fileRef = 28CAD6102546FB3800FC3EE4 /* NaiveGumBallMachine.swift */; };
		28CAD6162547052B00FC3EE4 /* GumBallMachineWithState.swift in Sources */ = {isa = PBXBuildFile; fileRef = 28CAD6152547052B00FC3EE4 /* GumBallMachineWithState.swift */; };
		28CAD7B3254EA4AA00FC3EE4 /* Tests.swift in Sources */ = {isa = PBXBuildFile; fileRef = 28CAD7B2254EA4AA00FC3EE4 /* Tests.swift */; };
		28CAD7C8254EAF8300FC3EE4 /* GumBallMachineWithState.swift in Sources */ = {isa = PBXBuildFile; fileRef = 28CAD6152547052B00FC3EE4 /* GumBallMachineWithState.swift */; };
/* End PBXBuildFile section */

/* Begin PBXCopyFilesBuildPhase section */
		28CAD6032546FB2D00FC3EE4 /* CopyFiles */ = {
			isa = PBXCopyFilesBuildPhase;
			buildActionMask = 2147483647;
			dstPath = /usr/share/man/man1/;
			dstSubfolderSpec = 0;
			files = (
			);
			runOnlyForDeploymentPostprocessing = 1;
		};
/* End PBXCopyFilesBuildPhase section */

/* Begin PBXFileReference section */
		28CAD6052546FB2D00FC3EE4 /* State */ = {isa = PBXFileReference; explicitFileType = "compiled.mach-o.executable"; includeInIndex = 0; path = State; sourceTree = BUILT_PRODUCTS_DIR; };
		28CAD6082546FB2D00FC3EE4 /* main.swift */ = {isa = PBXFileReference; lastKnownFileType = sourcecode.swift; path = main.swift; sourceTree = "<group>"; };
		28CAD6102546FB3800FC3EE4 /* NaiveGumBallMachine.swift */ = {isa = PBXFileReference; lastKnownFileType = sourcecode.swift; path = NaiveGumBallMachine.swift; sourceTree = "<group>"; };
		28CAD6152547052B00FC3EE4 /* GumBallMachineWithState.swift */ = {isa = PBXFileReference; lastKnownFileType = sourcecode.swift; path = GumBallMachineWithState.swift; sourceTree = "<group>"; };
		28CAD7B0254EA4AA00FC3EE4 /* Tests.xctest */ = {isa = PBXFileReference; explicitFileType = wrapper.cfbundle; includeInIndex = 0; path = Tests.xctest; sourceTree = BUILT_PRODUCTS_DIR; };
		28CAD7B2254EA4AA00FC3EE4 /* Tests.swift */ = {isa = PBXFileReference; lastKnownFileType = sourcecode.swift; path = Tests.swift; sourceTree = "<group>"; };
		28CAD7B4254EA4AA00FC3EE4 /* Info.plist */ = {isa = PBXFileReference; lastKnownFileType = text.plist.xml; path = Info.plist; sourceTree = "<group>"; };
/* End PBXFileReference section */

/* Begin PBXFrameworksBuildPhase section */
		28CAD6022546FB2D00FC3EE4 /* Frameworks */ = {
			isa = PBXFrameworksBuildPhase;
			buildActionMask = 2147483647;
			files = (
			);
			runOnlyForDeploymentPostprocessing = 0;
		};
		28CAD7AD254EA4AA00FC3EE4 /* Frameworks */ = {
			isa = PBXFrameworksBuildPhase;
			buildActionMask = 2147483647;
			files = (
			);
			runOnlyForDeploymentPostprocessing = 0;
		};
/* End PBXFrameworksBuildPhase section */

/* Begin PBXGroup section */
		28CAD5FC2546FB2D00FC3EE4 = {
			isa = PBXGroup;
			children = (
				28CAD6072546FB2D00FC3EE4 /* State */,
				28CAD7B1254EA4AA00FC3EE4 /* Tests */,
				28CAD6062546FB2D00FC3EE4 /* Products */,
			);
			sourceTree = "<group>";
		};
		28CAD6062546FB2D00FC3EE4 /* Products */ = {
			isa = PBXGroup;
			children = (
				28CAD6052546FB2D00FC3EE4 /* State */,
				28CAD7B0254EA4AA00FC3EE4 /* Tests.xctest */,
			);
			name = Products;
			sourceTree = "<group>";
		};
		28CAD6072546FB2D00FC3EE4 /* State */ = {
			isa = PBXGroup;
			children = (
				28CAD6082546FB2D00FC3EE4 /* main.swift */,
				28CAD6102546FB3800FC3EE4 /* NaiveGumBallMachine.swift */,
				28CAD6152547052B00FC3EE4 /* GumBallMachineWithState.swift */,
			);
			path = State;
			sourceTree = "<group>";
		};
		28CAD7B1254EA4AA00FC3EE4 /* Tests */ = {
			isa = PBXGroup;
			children = (
				28CAD7B2254EA4AA00FC3EE4 /* Tests.swift */,
				28CAD7B4254EA4AA00FC3EE4 /* Info.plist */,
			);
			path = Tests;
			sourceTree = "<group>";
		};
/* End PBXGroup section */

/* Begin PBXNativeTarget section */
		28CAD6042546FB2D00FC3EE4 /* State */ = {
			isa = PBXNativeTarget;
			buildConfigurationList = 28CAD60C2546FB2D00FC3EE4 /* Build configuration list for PBXNativeTarget "State" */;
			buildPhases = (
				28CAD6012546FB2D00FC3EE4 /* Sources */,
				28CAD6022546FB2D00FC3EE4 /* Frameworks */,
				28CAD6032546FB2D00FC3EE4 /* CopyFiles */,
			);
			buildRules = (
			);
			dependencies = (
			);
			name = State;
			productName = State;
			productReference = 28CAD6052546FB2D00FC3EE4 /* State */;
			productType = "com.apple.product-type.tool";
		};
		28CAD7AF254EA4AA00FC3EE4 /* Tests */ = {
			isa = PBXNativeTarget;
			buildConfigurationList = 28CAD7B7254EA4AA00FC3EE4 /* Build configuration list for PBXNativeTarget "Tests" */;
			buildPhases = (
				28CAD7AC254EA4AA00FC3EE4 /* Sources */,
				28CAD7AD254EA4AA00FC3EE4 /* Frameworks */,
				28CAD7AE254EA4AA00FC3EE4 /* Resources */,
			);
			buildRules = (
			);
			dependencies = (
			);
			name = Tests;
			productName = Tests;
			productReference = 28CAD7B0254EA4AA00FC3EE4 /* Tests.xctest */;
			productType = "com.apple.product-type.bundle.unit-test";
		};
/* End PBXNativeTarget section */

/* Begin PBXProject section */
		28CAD5FD2546FB2D00FC3EE4 /* Project object */ = {
			isa = PBXProject;
			attributes = {
				LastSwiftUpdateCheck = 1200;
				LastUpgradeCheck = 1200;
				TargetAttributes = {
					28CAD6042546FB2D00FC3EE4 = {
						CreatedOnToolsVersion = 12.0.1;
					};
					28CAD7AF254EA4AA00FC3EE4 = {
						CreatedOnToolsVersion = 12.0.1;
					};
				};
			};
			buildConfigurationList = 28CAD6002546FB2D00FC3EE4 /* Build configuration list for PBXProject "State" */;
			compatibilityVersion = "Xcode 9.3";
			developmentRegion = en;
			hasScannedForEncodings = 0;
			knownRegions = (
				en,
				Base,
			);
			mainGroup = 28CAD5FC2546FB2D00FC3EE4;
			productRefGroup = 28CAD6062546FB2D00FC3EE4 /* Products */;
			projectDirPath = "";
			projectRoot = "";
			targets = (
				28CAD6042546FB2D00FC3EE4 /* State */,
				28CAD7AF254EA4AA00FC3EE4 /* Tests */,
			);
		};
/* End PBXProject section */

/* Begin PBXResourcesBuildPhase section */
		28CAD7AE254EA4AA00FC3EE4 /* Resources */ = {
			isa = PBXResourcesBuildPhase;
			buildActionMask = 2147483647;
			files = (
			);
			runOnlyForDeploymentPostprocessing = 0;
		};
/* End PBXResourcesBuildPhase section */

/* Begin PBXSourcesBuildPhase section */
		28CAD6012546FB2D00FC3EE4 /* Sources */ = {
			isa = PBXSourcesBuildPhase;
			buildActionMask = 2147483647;
			files = (
				28CAD6112546FB3800FC3EE4 /* NaiveGumBallMachine.swift in Sources */,
				28CAD6092546FB2D00FC3EE4 /* main.swift in Sources */,
				28CAD6162547052B00FC3EE4 /* GumBallMachineWithState.swift in Sources */,
			);
			runOnlyForDeploymentPostprocessing = 0;
		};
		28CAD7AC254EA4AA00FC3EE4 /* Sources */ = {
			isa = PBXSourcesBuildPhase;
			buildActionMask = 2147483647;
			files = (
				28CAD7C8254EAF8300FC3EE4 /* GumBallMachineWithState.swift in Sources */,
				28CAD7B3254EA4AA00FC3EE4 /* Tests.swift in Sources */,
			);
			runOnlyForDeploymentPostprocessing = 0;
		};
/* End PBXSourcesBuildPhase section */

/* Begin XCBuildConfiguration section */
		28CAD60A2546FB2D00FC3EE4 /* Debug */ = {
			isa = XCBuildConfiguration;
			buildSettings = {
				ALWAYS_SEARCH_USER_PATHS = NO;
				CLANG_ANALYZER_NONNULL = YES;
				CLANG_ANALYZER_NUMBER_OBJECT_CONVERSION = YES_AGGRESSIVE;
				CLANG_CXX_LANGUAGE_STANDARD = "gnu++14";
				CLANG_CXX_LIBRARY = "libc++";
				CLANG_ENABLE_MODULES = YES;
				CLANG_ENABLE_OBJC_ARC = YES;
				CLANG_ENABLE_OBJC_WEAK = YES;
				CLANG_WARN_BLOCK_CAPTURE_AUTORELEASING = YES;
				CLANG_WARN_BOOL_CONVERSION = YES;
				CLANG_WARN_COMMA = YES;
				CLANG_WARN_CONSTANT_CONVERSION = YES;
				CLANG_WARN_DEPRECATED_OBJC_IMPLEMENTATIONS = YES;
				CLANG_WARN_DIRECT_OBJC_ISA_USAGE = YES_ERROR;
				CLANG_WARN_DOCUMENTATION_COMMENTS = YES;
				CLANG_WARN_EMPTY_BODY = YES;
				CLANG_WARN_ENUM_CONVERSION = YES;
				CLANG_WARN_INFINITE_RECURSION = YES;
				CLANG_WARN_INT_CONVERSION = YES;
				CLANG_WARN_NON_LITERAL_NULL_CONVERSION = YES;
				CLANG_WARN_OBJC_IMPLICIT_RETAIN_SELF = YES;
				CLANG_WARN_OBJC_LITERAL_CONVERSION = YES;
				CLANG_WARN_OBJC_ROOT_CLASS = YES_ERROR;
				CLANG_WARN_QUOTED_INCLUDE_IN_FRAMEWORK_HEADER = YES;
				CLANG_WARN_RANGE_LOOP_ANALYSIS = YES;
				CLANG_WARN_STRICT_PROTOTYPES = YES;
				CLANG_WARN_SUSPICIOUS_MOVE = YES;
				CLANG_WARN_UNGUARDED_AVAILABILITY = YES_AGGRESSIVE;
				CLANG_WARN_UNREACHABLE_CODE = YES;
				CLANG_WARN__DUPLICATE_METHOD_MATCH = YES;
				COPY_PHASE_STRIP = NO;
				DEBUG_INFORMATION_FORMAT = dwarf;
				ENABLE_STRICT_OBJC_MSGSEND = YES;
				ENABLE_TESTABILITY = YES;
				GCC_C_LANGUAGE_STANDARD = gnu11;
				GCC_DYNAMIC_NO_PIC = NO;
				GCC_NO_COMMON_BLOCKS = YES;
				GCC_OPTIMIZATION_LEVEL = 0;
				GCC_PREPROCESSOR_DEFINITIONS = (
					"DEBUG=1",
					"$(inherited)",
				);
				GCC_WARN_64_TO_32_BIT_CONVERSION = YES;
				GCC_WARN_ABOUT_RETURN_TYPE = YES_ERROR;
				GCC_WARN_UNDECLARED_SELECTOR = YES;
				GCC_WARN_UNINITIALIZED_AUTOS = YES_AGGRESSIVE;
				GCC_WARN_UNUSED_FUNCTION = YES;
				GCC_WARN_UNUSED_VARIABLE = YES;
				MACOSX_DEPLOYMENT_TARGET = 10.15;
				MTL_ENABLE_DEBUG_INFO = INCLUDE_SOURCE;
				MTL_FAST_MATH = YES;
				ONLY_ACTIVE_ARCH = YES;
				SDKROOT = macosx;
				SWIFT_ACTIVE_COMPILATION_CONDITIONS = DEBUG;
				SWIFT_OPTIMIZATION_LEVEL = "-Onone";
			};
			name = Debug;
		};
		28CAD60B2546FB2D00FC3EE4 /* Release */ = {
			isa = XCBuildConfiguration;
			buildSettings = {
				ALWAYS_SEARCH_USER_PATHS = NO;
				CLANG_ANALYZER_NONNULL = YES;
				CLANG_ANALYZER_NUMBER_OBJECT_CONVERSION = YES_AGGRESSIVE;
				CLANG_CXX_LANGUAGE_STANDARD = "gnu++14";
				CLANG_CXX_LIBRARY = "libc++";
				CLANG_ENABLE_MODULES = YES;
				CLANG_ENABLE_OBJC_ARC = YES;
				CLANG_ENABLE_OBJC_WEAK = YES;
				CLANG_WARN_BLOCK_CAPTURE_AUTORELEASING = YES;
				CLANG_WARN_BOOL_CONVERSION = YES;
				CLANG_WARN_COMMA = YES;
				CLANG_WARN_CONSTANT_CONVERSION = YES;
				CLANG_WARN_DEPRECATED_OBJC_IMPLEMENTATIONS = YES;
				CLANG_WARN_DIRECT_OBJC_ISA_USAGE = YES_ERROR;
				CLANG_WARN_DOCUMENTATION_COMMENTS = YES;
				CLANG_WARN_EMPTY_BODY = YES;
				CLANG_WARN_ENUM_CONVERSION = YES;
				CLANG_WARN_INFINITE_RECURSION = YES;
				CLANG_WARN_INT_CONVERSION = YES;
				CLANG_WARN_NON_LITERAL_NULL_CONVERSION = YES;
				CLANG_WARN_OBJC_IMPLICIT_RETAIN_SELF = YES;
				CLANG_WARN_OBJC_LITERAL_CONVERSION = YES;
				CLANG_WARN_OBJC_ROOT_CLASS = YES_ERROR;
				CLANG_WARN_QUOTED_INCLUDE_IN_FRAMEWORK_HEADER = YES;
				CLANG_WARN_RANGE_LOOP_ANALYSIS = YES;
				CLANG_WARN_STRICT_PROTOTYPES = YES;
				CLANG_WARN_SUSPICIOUS_MOVE = YES;
				CLANG_WARN_UNGUARDED_AVAILABILITY = YES_AGGRESSIVE;
				CLANG_WARN_UNREACHABLE_CODE = YES;
				CLANG_WARN__DUPLICATE_METHOD_MATCH = YES;
				COPY_PHASE_STRIP = NO;
				DEBUG_INFORMATION_FORMAT = "dwarf-with-dsym";
				ENABLE_NS_ASSERTIONS = NO;
				ENABLE_STRICT_OBJC_MSGSEND = YES;
				GCC_C_LANGUAGE_STANDARD = gnu11;
				GCC_NO_COMMON_BLOCKS = YES;
				GCC_WARN_64_TO_32_BIT_CONVERSION = YES;
				GCC_WARN_ABOUT_RETURN_TYPE = YES_ERROR;
				GCC_WARN_UNDECLARED_SELECTOR = YES;
				GCC_WARN_UNINITIALIZED_AUTOS = YES_AGGRESSIVE;
				GCC_WARN_UNUSED_FUNCTION = YES;
				GCC_WARN_UNUSED_VARIABLE = YES;
				MACOSX_DEPLOYMENT_TARGET = 10.15;
				MTL_ENABLE_DEBUG_INFO = NO;
				MTL_FAST_MATH = YES;
				SDKROOT = macosx;
				SWIFT_COMPILATION_MODE = wholemodule;
				SWIFT_OPTIMIZATION_LEVEL = "-O";
			};
			name = Release;
		};
		28CAD60D2546FB2D00FC3EE4 /* Debug */ = {
			isa = XCBuildConfiguration;
			buildSettings = {
				CODE_SIGN_STYLE = Automatic;
				PRODUCT_NAME = "$(TARGET_NAME)";
				SWIFT_VERSION = 5.0;
			};
			name = Debug;
		};
		28CAD60E2546FB2D00FC3EE4 /* Release */ = {
			isa = XCBuildConfiguration;
			buildSettings = {
				CODE_SIGN_STYLE = Automatic;
				PRODUCT_NAME = "$(TARGET_NAME)";
				SWIFT_VERSION = 5.0;
			};
			name = Release;
		};
		28CAD7B5254EA4AA00FC3EE4 /* Debug */ = {
			isa = XCBuildConfiguration;
			buildSettings = {
				CODE_SIGN_STYLE = Automatic;
				COMBINE_HIDPI_IMAGES = YES;
				INFOPLIST_FILE = Tests/Info.plist;
				LD_RUNPATH_SEARCH_PATHS = (
					"$(inherited)",
					"@executable_path/../Frameworks",
					"@loader_path/../Frameworks",
				);
				PRODUCT_BUNDLE_IDENTIFIER = "Dmitrii-Voronin.Tests";
				PRODUCT_NAME = "$(TARGET_NAME)";
				SWIFT_VERSION = 5.0;
			};
			name = Debug;
		};
		28CAD7B6254EA4AA00FC3EE4 /* Release */ = {
			isa = XCBuildConfiguration;
			buildSettings = {
				CODE_SIGN_STYLE = Automatic;
				COMBINE_HIDPI_IMAGES = YES;
				INFOPLIST_FILE = Tests/Info.plist;
				LD_RUNPATH_SEARCH_PATHS = (
					"$(inherited)",
					"@executable_path/../Frameworks",
					"@loader_path/../Frameworks",
				);
				PRODUCT_BUNDLE_IDENTIFIER = "Dmitrii-Voronin.Tests";
				PRODUCT_NAME = "$(TARGET_NAME)";
				SWIFT_VERSION = 5.0;
			};
			name = Release;
		};
/* End XCBuildConfiguration section */

/* Begin XCConfigurationList section */
		28CAD6002546FB2D00FC3EE4 /* Build configuration list for PBXProject "State" */ = {
			isa = XCConfigurationList;
			buildConfigurations = (
				28CAD60A2546FB2D00FC3EE4 /* Debug */,
				28CAD60B2546FB2D00FC3EE4 /* Release */,
			);
			defaultConfigurationIsVisible = 0;
			defaultConfigurationName = Release;
		};
		28CAD60C2546FB2D00FC3EE4 /* Build configuration list for PBXNativeTarget "State" */ = {
			isa = XCConfigurationList;
			buildConfigurations = (
				28CAD60D2546FB2D00FC3EE4 /* Debug */,
				28CAD60E2546FB2D00FC3EE4 /* Release */,
			);
			defaultConfigurationIsVisible = 0;
			defaultConfigurationName = Release;
		};
		28CAD7B7254EA4AA00FC3EE4 /* Build configuration list for PBXNativeTarget "Tests" */ = {
			isa = XCConfigurationList;
			buildConfigurations = (
				28CAD7B5254EA4AA00FC3EE4 /* Debug */,
				28CAD7B6254EA4AA00FC3EE4 /* Release */,
			);
			defaultConfigurationIsVisible = 0;
			defaultConfigurationName = Release;
		};
/* End XCConfigurationList section */
	};
	rootObject = 28CAD5FD2546FB2D00FC3EE4 /* Project object */;
}
