// !$*UTF8*$!
{
	archiveVersion = 1;
	classes = {
	};
	objectVersion = 50;
	objects = {

/* Begin PBXBuildFile section */
		2856E69B2554A45B002FF140 /* GatewayParser.swift in Sources */ = {isa = PBXBuildFile; fileRef = 28637B1025549DB000B0FBBA /* GatewayParser.swift */; };
		2856E69F2554A509002FF140 /* ShapeModel.swift in Sources */ = {isa = PBXBuildFile; fileRef = 28637AF925549D9B00B0FBBA /* ShapeModel.swift */; };
		28637AA725549C9600B0FBBA /* AppDelegate.swift in Sources */ = {isa = PBXBuildFile; fileRef = 28637AA625549C9600B0FBBA /* AppDelegate.swift */; };
		28637AA925549C9600B0FBBA /* SceneDelegate.swift in Sources */ = {isa = PBXBuildFile; fileRef = 28637AA825549C9600B0FBBA /* SceneDelegate.swift */; };
		28637AAB25549C9600B0FBBA /* ContentView.swift in Sources */ = {isa = PBXBuildFile; fileRef = 28637AAA25549C9600B0FBBA /* ContentView.swift */; };
		28637AAE25549C9600B0FBBA /* Shapes.xcdatamodeld in Sources */ = {isa = PBXBuildFile; fileRef = 28637AAC25549C9600B0FBBA /* Shapes.xcdatamodeld */; };
		28637AB025549C9800B0FBBA /* Assets.xcassets in Resources */ = {isa = PBXBuildFile; fileRef = 28637AAF25549C9800B0FBBA /* Assets.xcassets */; };
		28637AB325549C9800B0FBBA /* Preview Assets.xcassets in Resources */ = {isa = PBXBuildFile; fileRef = 28637AB225549C9800B0FBBA /* Preview Assets.xcassets */; };
		28637AB625549C9800B0FBBA /* LaunchScreen.storyboard in Resources */ = {isa = PBXBuildFile; fileRef = 28637AB425549C9800B0FBBA /* LaunchScreen.storyboard */; };
		28637AC125549C9800B0FBBA /* ShapesTests.swift in Sources */ = {isa = PBXBuildFile; fileRef = 28637AC025549C9800B0FBBA /* ShapesTests.swift */; };
		28637ACC25549C9800B0FBBA /* ShapesUITests.swift in Sources */ = {isa = PBXBuildFile; fileRef = 28637ACB25549C9800B0FBBA /* ShapesUITests.swift */; };
		28637B0225549D9B00B0FBBA /* ShapeModel.swift in Sources */ = {isa = PBXBuildFile; fileRef = 28637AF925549D9B00B0FBBA /* ShapeModel.swift */; };
		28637B0325549D9B00B0FBBA /* CommonTypes.swift in Sources */ = {isa = PBXBuildFile; fileRef = 28637AFA25549D9B00B0FBBA /* CommonTypes.swift */; };
		28637B0525549D9B00B0FBBA /* MyShape.swift in Sources */ = {isa = PBXBuildFile; fileRef = 28637AFE25549D9B00B0FBBA /* MyShape.swift */; };
		28637B0625549D9B00B0FBBA /* EllipseShape.swift in Sources */ = {isa = PBXBuildFile; fileRef = 28637AFF25549D9B00B0FBBA /* EllipseShape.swift */; };
		28637B0725549D9B00B0FBBA /* RectangleShape.swift in Sources */ = {isa = PBXBuildFile; fileRef = 28637B0025549D9B00B0FBBA /* RectangleShape.swift */; };
		28637B0825549D9B00B0FBBA /* TriangleShape.swift in Sources */ = {isa = PBXBuildFile; fileRef = 28637B0125549D9B00B0FBBA /* TriangleShape.swift */; };
		28637B1225549DB000B0FBBA /* ParserImpl.swift in Sources */ = {isa = PBXBuildFile; fileRef = 28637B0F25549DB000B0FBBA /* ParserImpl.swift */; };
		28637B1325549DB000B0FBBA /* GatewayParser.swift in Sources */ = {isa = PBXBuildFile; fileRef = 28637B1025549DB000B0FBBA /* GatewayParser.swift */; };
		28637B1425549DB000B0FBBA /* ListOfShapeGateway.swift in Sources */ = {isa = PBXBuildFile; fileRef = 28637B1125549DB000B0FBBA /* ListOfShapeGateway.swift */; };
		28637B1925549DD900B0FBBA /* GatewayParserImpl.swift in Sources */ = {isa = PBXBuildFile; fileRef = 28637B1825549DD900B0FBBA /* GatewayParserImpl.swift */; };
		28637B1D25549E7300B0FBBA /* ParserImpl.swift in Sources */ = {isa = PBXBuildFile; fileRef = 28637B0F25549DB000B0FBBA /* ParserImpl.swift */; };
		286F8EA4255593E90095110D /* ViewModel.swift in Sources */ = {isa = PBXBuildFile; fileRef = 286F8EA3255593E90095110D /* ViewModel.swift */; };
		286F8EA92555949D0095110D /* ViewModelImpl.swift in Sources */ = {isa = PBXBuildFile; fileRef = 286F8EA82555949D0095110D /* ViewModelImpl.swift */; };
/* End PBXBuildFile section */

/* Begin PBXContainerItemProxy section */
		28637ABD25549C9800B0FBBA /* PBXContainerItemProxy */ = {
			isa = PBXContainerItemProxy;
			containerPortal = 28637A9B25549C9600B0FBBA /* Project object */;
			proxyType = 1;
			remoteGlobalIDString = 28637AA225549C9600B0FBBA;
			remoteInfo = Shapes;
		};
		28637AC825549C9800B0FBBA /* PBXContainerItemProxy */ = {
			isa = PBXContainerItemProxy;
			containerPortal = 28637A9B25549C9600B0FBBA /* Project object */;
			proxyType = 1;
			remoteGlobalIDString = 28637AA225549C9600B0FBBA;
			remoteInfo = Shapes;
		};
/* End PBXContainerItemProxy section */

/* Begin PBXFileReference section */
		28637AA325549C9600B0FBBA /* Shapes.app */ = {isa = PBXFileReference; explicitFileType = wrapper.application; includeInIndex = 0; path = Shapes.app; sourceTree = BUILT_PRODUCTS_DIR; };
		28637AA625549C9600B0FBBA /* AppDelegate.swift */ = {isa = PBXFileReference; lastKnownFileType = sourcecode.swift; path = AppDelegate.swift; sourceTree = "<group>"; };
		28637AA825549C9600B0FBBA /* SceneDelegate.swift */ = {isa = PBXFileReference; lastKnownFileType = sourcecode.swift; path = SceneDelegate.swift; sourceTree = "<group>"; };
		28637AAA25549C9600B0FBBA /* ContentView.swift */ = {isa = PBXFileReference; lastKnownFileType = sourcecode.swift; path = ContentView.swift; sourceTree = "<group>"; };
		28637AAD25549C9600B0FBBA /* Shapes.xcdatamodel */ = {isa = PBXFileReference; lastKnownFileType = wrapper.xcdatamodel; path = Shapes.xcdatamodel; sourceTree = "<group>"; };
		28637AAF25549C9800B0FBBA /* Assets.xcassets */ = {isa = PBXFileReference; lastKnownFileType = folder.assetcatalog; path = Assets.xcassets; sourceTree = "<group>"; };
		28637AB225549C9800B0FBBA /* Preview Assets.xcassets */ = {isa = PBXFileReference; lastKnownFileType = folder.assetcatalog; path = "Preview Assets.xcassets"; sourceTree = "<group>"; };
		28637AB525549C9800B0FBBA /* Base */ = {isa = PBXFileReference; lastKnownFileType = file.storyboard; name = Base; path = Base.lproj/LaunchScreen.storyboard; sourceTree = "<group>"; };
		28637AB725549C9800B0FBBA /* Info.plist */ = {isa = PBXFileReference; lastKnownFileType = text.plist.xml; path = Info.plist; sourceTree = "<group>"; };
		28637ABC25549C9800B0FBBA /* ShapesTests.xctest */ = {isa = PBXFileReference; explicitFileType = wrapper.cfbundle; includeInIndex = 0; path = ShapesTests.xctest; sourceTree = BUILT_PRODUCTS_DIR; };
		28637AC025549C9800B0FBBA /* ShapesTests.swift */ = {isa = PBXFileReference; lastKnownFileType = sourcecode.swift; path = ShapesTests.swift; sourceTree = "<group>"; };
		28637AC225549C9800B0FBBA /* Info.plist */ = {isa = PBXFileReference; lastKnownFileType = text.plist.xml; path = Info.plist; sourceTree = "<group>"; };
		28637AC725549C9800B0FBBA /* ShapesUITests.xctest */ = {isa = PBXFileReference; explicitFileType = wrapper.cfbundle; includeInIndex = 0; path = ShapesUITests.xctest; sourceTree = BUILT_PRODUCTS_DIR; };
		28637ACB25549C9800B0FBBA /* ShapesUITests.swift */ = {isa = PBXFileReference; lastKnownFileType = sourcecode.swift; path = ShapesUITests.swift; sourceTree = "<group>"; };
		28637ACD25549C9800B0FBBA /* Info.plist */ = {isa = PBXFileReference; lastKnownFileType = text.plist.xml; path = Info.plist; sourceTree = "<group>"; };
		28637AF925549D9B00B0FBBA /* ShapeModel.swift */ = {isa = PBXFileReference; fileEncoding = 4; lastKnownFileType = sourcecode.swift; path = ShapeModel.swift; sourceTree = "<group>"; };
		28637AFA25549D9B00B0FBBA /* CommonTypes.swift */ = {isa = PBXFileReference; fileEncoding = 4; lastKnownFileType = sourcecode.swift; path = CommonTypes.swift; sourceTree = "<group>"; };
		28637AFE25549D9B00B0FBBA /* MyShape.swift */ = {isa = PBXFileReference; fileEncoding = 4; lastKnownFileType = sourcecode.swift; path = MyShape.swift; sourceTree = "<group>"; };
		28637AFF25549D9B00B0FBBA /* EllipseShape.swift */ = {isa = PBXFileReference; fileEncoding = 4; lastKnownFileType = sourcecode.swift; path = EllipseShape.swift; sourceTree = "<group>"; };
		28637B0025549D9B00B0FBBA /* RectangleShape.swift */ = {isa = PBXFileReference; fileEncoding = 4; lastKnownFileType = sourcecode.swift; path = RectangleShape.swift; sourceTree = "<group>"; };
		28637B0125549D9B00B0FBBA /* TriangleShape.swift */ = {isa = PBXFileReference; fileEncoding = 4; lastKnownFileType = sourcecode.swift; path = TriangleShape.swift; sourceTree = "<group>"; };
		28637B0F25549DB000B0FBBA /* ParserImpl.swift */ = {isa = PBXFileReference; fileEncoding = 4; lastKnownFileType = sourcecode.swift; path = ParserImpl.swift; sourceTree = "<group>"; };
		28637B1025549DB000B0FBBA /* GatewayParser.swift */ = {isa = PBXFileReference; fileEncoding = 4; lastKnownFileType = sourcecode.swift; path = GatewayParser.swift; sourceTree = "<group>"; };
		28637B1125549DB000B0FBBA /* ListOfShapeGateway.swift */ = {isa = PBXFileReference; fileEncoding = 4; lastKnownFileType = sourcecode.swift; path = ListOfShapeGateway.swift; sourceTree = "<group>"; };
		28637B1825549DD900B0FBBA /* GatewayParserImpl.swift */ = {isa = PBXFileReference; lastKnownFileType = sourcecode.swift; path = GatewayParserImpl.swift; sourceTree = "<group>"; };
		286F8EA3255593E90095110D /* ViewModel.swift */ = {isa = PBXFileReference; lastKnownFileType = sourcecode.swift; path = ViewModel.swift; sourceTree = "<group>"; };
		286F8EA82555949D0095110D /* ViewModelImpl.swift */ = {isa = PBXFileReference; lastKnownFileType = sourcecode.swift; path = ViewModelImpl.swift; sourceTree = "<group>"; };
/* End PBXFileReference section */

/* Begin PBXFrameworksBuildPhase section */
		28637AA025549C9600B0FBBA /* Frameworks */ = {
			isa = PBXFrameworksBuildPhase;
			buildActionMask = 2147483647;
			files = (
			);
			runOnlyForDeploymentPostprocessing = 0;
		};
		28637AB925549C9800B0FBBA /* Frameworks */ = {
			isa = PBXFrameworksBuildPhase;
			buildActionMask = 2147483647;
			files = (
			);
			runOnlyForDeploymentPostprocessing = 0;
		};
		28637AC425549C9800B0FBBA /* Frameworks */ = {
			isa = PBXFrameworksBuildPhase;
			buildActionMask = 2147483647;
			files = (
			);
			runOnlyForDeploymentPostprocessing = 0;
		};
/* End PBXFrameworksBuildPhase section */

/* Begin PBXGroup section */
		2856E6A325558D19002FF140 /* ViewModel */ = {
			isa = PBXGroup;
			children = (
				286F8EA3255593E90095110D /* ViewModel.swift */,
				286F8EA82555949D0095110D /* ViewModelImpl.swift */,
			);
			path = ViewModel;
			sourceTree = "<group>";
		};
		28637A9A25549C9600B0FBBA = {
			isa = PBXGroup;
			children = (
				28637AA525549C9600B0FBBA /* Shapes */,
				28637ABF25549C9800B0FBBA /* ShapesTests */,
				28637ACA25549C9800B0FBBA /* ShapesUITests */,
				28637AA425549C9600B0FBBA /* Products */,
			);
			sourceTree = "<group>";
		};
		28637AA425549C9600B0FBBA /* Products */ = {
			isa = PBXGroup;
			children = (
				28637AA325549C9600B0FBBA /* Shapes.app */,
				28637ABC25549C9800B0FBBA /* ShapesTests.xctest */,
				28637AC725549C9800B0FBBA /* ShapesUITests.xctest */,
			);
			name = Products;
			sourceTree = "<group>";
		};
		28637AA525549C9600B0FBBA /* Shapes */ = {
			isa = PBXGroup;
			children = (
				28637AF725549D9B00B0FBBA /* App */,
				28637B0C25549DB000B0FBBA /* Infrastructure */,
				28637AA625549C9600B0FBBA /* AppDelegate.swift */,
				28637AA825549C9600B0FBBA /* SceneDelegate.swift */,
				28637AAA25549C9600B0FBBA /* ContentView.swift */,
				28637AAF25549C9800B0FBBA /* Assets.xcassets */,
				28637AB425549C9800B0FBBA /* LaunchScreen.storyboard */,
				28637AB725549C9800B0FBBA /* Info.plist */,
				28637AAC25549C9600B0FBBA /* Shapes.xcdatamodeld */,
				28637AB125549C9800B0FBBA /* Preview Content */,
			);
			path = Shapes;
			sourceTree = "<group>";
		};
		28637AB125549C9800B0FBBA /* Preview Content */ = {
			isa = PBXGroup;
			children = (
				28637AB225549C9800B0FBBA /* Preview Assets.xcassets */,
			);
			path = "Preview Content";
			sourceTree = "<group>";
		};
		28637ABF25549C9800B0FBBA /* ShapesTests */ = {
			isa = PBXGroup;
			children = (
				28637AC025549C9800B0FBBA /* ShapesTests.swift */,
				28637AC225549C9800B0FBBA /* Info.plist */,
				28637B1825549DD900B0FBBA /* GatewayParserImpl.swift */,
			);
			path = ShapesTests;
			sourceTree = "<group>";
		};
		28637ACA25549C9800B0FBBA /* ShapesUITests */ = {
			isa = PBXGroup;
			children = (
				28637ACB25549C9800B0FBBA /* ShapesUITests.swift */,
				28637ACD25549C9800B0FBBA /* Info.plist */,
			);
			path = ShapesUITests;
			sourceTree = "<group>";
		};
		28637AF725549D9B00B0FBBA /* App */ = {
			isa = PBXGroup;
			children = (
				28637AF825549D9B00B0FBBA /* Models */,
				28637AFD25549D9B00B0FBBA /* SimpleShapes */,
			);
			path = App;
			sourceTree = "<group>";
		};
		28637AF825549D9B00B0FBBA /* Models */ = {
			isa = PBXGroup;
			children = (
				28637AF925549D9B00B0FBBA /* ShapeModel.swift */,
				28637AFA25549D9B00B0FBBA /* CommonTypes.swift */,
			);
			path = Models;
			sourceTree = "<group>";
		};
		28637AFD25549D9B00B0FBBA /* SimpleShapes */ = {
			isa = PBXGroup;
			children = (
				28637AFE25549D9B00B0FBBA /* MyShape.swift */,
				28637AFF25549D9B00B0FBBA /* EllipseShape.swift */,
				28637B0025549D9B00B0FBBA /* RectangleShape.swift */,
				28637B0125549D9B00B0FBBA /* TriangleShape.swift */,
			);
			path = SimpleShapes;
			sourceTree = "<group>";
		};
		28637B0C25549DB000B0FBBA /* Infrastructure */ = {
			isa = PBXGroup;
			children = (
				2856E6A325558D19002FF140 /* ViewModel */,
				28637B0D25549DB000B0FBBA /* Gateways */,
			);
			path = Infrastructure;
			sourceTree = "<group>";
		};
		28637B0D25549DB000B0FBBA /* Gateways */ = {
			isa = PBXGroup;
			children = (
				28637B0E25549DB000B0FBBA /* Parser */,
				28637B1125549DB000B0FBBA /* ListOfShapeGateway.swift */,
			);
			path = Gateways;
			sourceTree = "<group>";
		};
		28637B0E25549DB000B0FBBA /* Parser */ = {
			isa = PBXGroup;
			children = (
				28637B0F25549DB000B0FBBA /* ParserImpl.swift */,
				28637B1025549DB000B0FBBA /* GatewayParser.swift */,
			);
			path = Parser;
			sourceTree = "<group>";
		};
/* End PBXGroup section */

/* Begin PBXNativeTarget section */
		28637AA225549C9600B0FBBA /* Shapes */ = {
			isa = PBXNativeTarget;
			buildConfigurationList = 28637AD025549C9800B0FBBA /* Build configuration list for PBXNativeTarget "Shapes" */;
			buildPhases = (
				28637A9F25549C9600B0FBBA /* Sources */,
				28637AA025549C9600B0FBBA /* Frameworks */,
				28637AA125549C9600B0FBBA /* Resources */,
			);
			buildRules = (
			);
			dependencies = (
			);
			name = Shapes;
			productName = Shapes;
			productReference = 28637AA325549C9600B0FBBA /* Shapes.app */;
			productType = "com.apple.product-type.application";
		};
		28637ABB25549C9800B0FBBA /* ShapesTests */ = {
			isa = PBXNativeTarget;
			buildConfigurationList = 28637AD325549C9800B0FBBA /* Build configuration list for PBXNativeTarget "ShapesTests" */;
			buildPhases = (
				28637AB825549C9800B0FBBA /* Sources */,
				28637AB925549C9800B0FBBA /* Frameworks */,
				28637ABA25549C9800B0FBBA /* Resources */,
			);
			buildRules = (
			);
			dependencies = (
				28637ABE25549C9800B0FBBA /* PBXTargetDependency */,
			);
			name = ShapesTests;
			productName = ShapesTests;
			productReference = 28637ABC25549C9800B0FBBA /* ShapesTests.xctest */;
			productType = "com.apple.product-type.bundle.unit-test";
		};
		28637AC625549C9800B0FBBA /* ShapesUITests */ = {
			isa = PBXNativeTarget;
			buildConfigurationList = 28637AD625549C9800B0FBBA /* Build configuration list for PBXNativeTarget "ShapesUITests" */;
			buildPhases = (
				28637AC325549C9800B0FBBA /* Sources */,
				28637AC425549C9800B0FBBA /* Frameworks */,
				28637AC525549C9800B0FBBA /* Resources */,
			);
			buildRules = (
			);
			dependencies = (
				28637AC925549C9800B0FBBA /* PBXTargetDependency */,
			);
			name = ShapesUITests;
			productName = ShapesUITests;
			productReference = 28637AC725549C9800B0FBBA /* ShapesUITests.xctest */;
			productType = "com.apple.product-type.bundle.ui-testing";
		};
/* End PBXNativeTarget section */

/* Begin PBXProject section */
		28637A9B25549C9600B0FBBA /* Project object */ = {
			isa = PBXProject;
			attributes = {
				LastSwiftUpdateCheck = 1200;
				LastUpgradeCheck = 1200;
				TargetAttributes = {
					28637AA225549C9600B0FBBA = {
						CreatedOnToolsVersion = 12.0.1;
					};
					28637ABB25549C9800B0FBBA = {
						CreatedOnToolsVersion = 12.0.1;
						TestTargetID = 28637AA225549C9600B0FBBA;
					};
					28637AC625549C9800B0FBBA = {
						CreatedOnToolsVersion = 12.0.1;
						TestTargetID = 28637AA225549C9600B0FBBA;
					};
				};
			};
			buildConfigurationList = 28637A9E25549C9600B0FBBA /* Build configuration list for PBXProject "Shapes" */;
			compatibilityVersion = "Xcode 9.3";
			developmentRegion = en;
			hasScannedForEncodings = 0;
			knownRegions = (
				en,
				Base,
			);
			mainGroup = 28637A9A25549C9600B0FBBA;
			productRefGroup = 28637AA425549C9600B0FBBA /* Products */;
			projectDirPath = "";
			projectRoot = "";
			targets = (
				28637AA225549C9600B0FBBA /* Shapes */,
				28637ABB25549C9800B0FBBA /* ShapesTests */,
				28637AC625549C9800B0FBBA /* ShapesUITests */,
			);
		};
/* End PBXProject section */

/* Begin PBXResourcesBuildPhase section */
		28637AA125549C9600B0FBBA /* Resources */ = {
			isa = PBXResourcesBuildPhase;
			buildActionMask = 2147483647;
			files = (
				28637AB625549C9800B0FBBA /* LaunchScreen.storyboard in Resources */,
				28637AB325549C9800B0FBBA /* Preview Assets.xcassets in Resources */,
				28637AB025549C9800B0FBBA /* Assets.xcassets in Resources */,
			);
			runOnlyForDeploymentPostprocessing = 0;
		};
		28637ABA25549C9800B0FBBA /* Resources */ = {
			isa = PBXResourcesBuildPhase;
			buildActionMask = 2147483647;
			files = (
			);
			runOnlyForDeploymentPostprocessing = 0;
		};
		28637AC525549C9800B0FBBA /* Resources */ = {
			isa = PBXResourcesBuildPhase;
			buildActionMask = 2147483647;
			files = (
			);
			runOnlyForDeploymentPostprocessing = 0;
		};
/* End PBXResourcesBuildPhase section */

/* Begin PBXSourcesBuildPhase section */
		28637A9F25549C9600B0FBBA /* Sources */ = {
			isa = PBXSourcesBuildPhase;
			buildActionMask = 2147483647;
			files = (
				28637B0625549D9B00B0FBBA /* EllipseShape.swift in Sources */,
				28637B0225549D9B00B0FBBA /* ShapeModel.swift in Sources */,
				28637B0725549D9B00B0FBBA /* RectangleShape.swift in Sources */,
				28637B1325549DB000B0FBBA /* GatewayParser.swift in Sources */,
				28637AA725549C9600B0FBBA /* AppDelegate.swift in Sources */,
				28637B0325549D9B00B0FBBA /* CommonTypes.swift in Sources */,
				28637B1225549DB000B0FBBA /* ParserImpl.swift in Sources */,
				28637AA925549C9600B0FBBA /* SceneDelegate.swift in Sources */,
				28637AAB25549C9600B0FBBA /* ContentView.swift in Sources */,
				286F8EA4255593E90095110D /* ViewModel.swift in Sources */,
				28637AAE25549C9600B0FBBA /* Shapes.xcdatamodeld in Sources */,
				286F8EA92555949D0095110D /* ViewModelImpl.swift in Sources */,
				28637B0825549D9B00B0FBBA /* TriangleShape.swift in Sources */,
				28637B0525549D9B00B0FBBA /* MyShape.swift in Sources */,
				28637B1425549DB000B0FBBA /* ListOfShapeGateway.swift in Sources */,
			);
			runOnlyForDeploymentPostprocessing = 0;
		};
		28637AB825549C9800B0FBBA /* Sources */ = {
			isa = PBXSourcesBuildPhase;
			buildActionMask = 2147483647;
			files = (
				2856E69F2554A509002FF140 /* ShapeModel.swift in Sources */,
				28637B1D25549E7300B0FBBA /* ParserImpl.swift in Sources */,
				2856E69B2554A45B002FF140 /* GatewayParser.swift in Sources */,
				28637AC125549C9800B0FBBA /* ShapesTests.swift in Sources */,
				28637B1925549DD900B0FBBA /* GatewayParserImpl.swift in Sources */,
			);
			runOnlyForDeploymentPostprocessing = 0;
		};
		28637AC325549C9800B0FBBA /* Sources */ = {
			isa = PBXSourcesBuildPhase;
			buildActionMask = 2147483647;
			files = (
				28637ACC25549C9800B0FBBA /* ShapesUITests.swift in Sources */,
			);
			runOnlyForDeploymentPostprocessing = 0;
		};
/* End PBXSourcesBuildPhase section */

/* Begin PBXTargetDependency section */
		28637ABE25549C9800B0FBBA /* PBXTargetDependency */ = {
			isa = PBXTargetDependency;
			target = 28637AA225549C9600B0FBBA /* Shapes */;
			targetProxy = 28637ABD25549C9800B0FBBA /* PBXContainerItemProxy */;
		};
		28637AC925549C9800B0FBBA /* PBXTargetDependency */ = {
			isa = PBXTargetDependency;
			target = 28637AA225549C9600B0FBBA /* Shapes */;
			targetProxy = 28637AC825549C9800B0FBBA /* PBXContainerItemProxy */;
		};
/* End PBXTargetDependency section */

/* Begin PBXVariantGroup section */
		28637AB425549C9800B0FBBA /* LaunchScreen.storyboard */ = {
			isa = PBXVariantGroup;
			children = (
				28637AB525549C9800B0FBBA /* Base */,
			);
			name = LaunchScreen.storyboard;
			sourceTree = "<group>";
		};
/* End PBXVariantGroup section */

/* Begin XCBuildConfiguration section */
		28637ACE25549C9800B0FBBA /* Debug */ = {
			isa = XCBuildConfiguration;
			buildSettings = {
				ALWAYS_SEARCH_USER_PATHS = NO;
				CLANG_ANALYZER_NONNULL = YES;
				CLANG_ANALYZER_NUMBER_OBJECT_CONVERSION = YES_AGGRESSIVE;
				CLANG_CXX_LANGUAGE_STANDARD = "gnu++14";
				CLANG_CXX_LIBRARY = "libc++";
				CLANG_ENABLE_MODULES = YES;
				CLANG_ENABLE_OBJC_ARC = YES;
				CLANG_ENABLE_OBJC_WEAK = YES;
				CLANG_WARN_BLOCK_CAPTURE_AUTORELEASING = YES;
				CLANG_WARN_BOOL_CONVERSION = YES;
				CLANG_WARN_COMMA = YES;
				CLANG_WARN_CONSTANT_CONVERSION = YES;
				CLANG_WARN_DEPRECATED_OBJC_IMPLEMENTATIONS = YES;
				CLANG_WARN_DIRECT_OBJC_ISA_USAGE = YES_ERROR;
				CLANG_WARN_DOCUMENTATION_COMMENTS = YES;
				CLANG_WARN_EMPTY_BODY = YES;
				CLANG_WARN_ENUM_CONVERSION = YES;
				CLANG_WARN_INFINITE_RECURSION = YES;
				CLANG_WARN_INT_CONVERSION = YES;
				CLANG_WARN_NON_LITERAL_NULL_CONVERSION = YES;
				CLANG_WARN_OBJC_IMPLICIT_RETAIN_SELF = YES;
				CLANG_WARN_OBJC_LITERAL_CONVERSION = YES;
				CLANG_WARN_OBJC_ROOT_CLASS = YES_ERROR;
				CLANG_WARN_QUOTED_INCLUDE_IN_FRAMEWORK_HEADER = YES;
				CLANG_WARN_RANGE_LOOP_ANALYSIS = YES;
				CLANG_WARN_STRICT_PROTOTYPES = YES;
				CLANG_WARN_SUSPICIOUS_MOVE = YES;
				CLANG_WARN_UNGUARDED_AVAILABILITY = YES_AGGRESSIVE;
				CLANG_WARN_UNREACHABLE_CODE = YES;
				CLANG_WARN__DUPLICATE_METHOD_MATCH = YES;
				COPY_PHASE_STRIP = NO;
				DEBUG_INFORMATION_FORMAT = dwarf;
				ENABLE_STRICT_OBJC_MSGSEND = YES;
				ENABLE_TESTABILITY = YES;
				GCC_C_LANGUAGE_STANDARD = gnu11;
				GCC_DYNAMIC_NO_PIC = NO;
				GCC_NO_COMMON_BLOCKS = YES;
				GCC_OPTIMIZATION_LEVEL = 0;
				GCC_PREPROCESSOR_DEFINITIONS = (
					"DEBUG=1",
					"$(inherited)",
				);
				GCC_WARN_64_TO_32_BIT_CONVERSION = YES;
				GCC_WARN_ABOUT_RETURN_TYPE = YES_ERROR;
				GCC_WARN_UNDECLARED_SELECTOR = YES;
				GCC_WARN_UNINITIALIZED_AUTOS = YES_AGGRESSIVE;
				GCC_WARN_UNUSED_FUNCTION = YES;
				GCC_WARN_UNUSED_VARIABLE = YES;
				IPHONEOS_DEPLOYMENT_TARGET = 14.0;
				MTL_ENABLE_DEBUG_INFO = INCLUDE_SOURCE;
				MTL_FAST_MATH = YES;
				ONLY_ACTIVE_ARCH = YES;
				SDKROOT = iphoneos;
				SWIFT_ACTIVE_COMPILATION_CONDITIONS = DEBUG;
				SWIFT_OPTIMIZATION_LEVEL = "-Onone";
			};
			name = Debug;
		};
		28637ACF25549C9800B0FBBA /* Release */ = {
			isa = XCBuildConfiguration;
			buildSettings = {
				ALWAYS_SEARCH_USER_PATHS = NO;
				CLANG_ANALYZER_NONNULL = YES;
				CLANG_ANALYZER_NUMBER_OBJECT_CONVERSION = YES_AGGRESSIVE;
				CLANG_CXX_LANGUAGE_STANDARD = "gnu++14";
				CLANG_CXX_LIBRARY = "libc++";
				CLANG_ENABLE_MODULES = YES;
				CLANG_ENABLE_OBJC_ARC = YES;
				CLANG_ENABLE_OBJC_WEAK = YES;
				CLANG_WARN_BLOCK_CAPTURE_AUTORELEASING = YES;
				CLANG_WARN_BOOL_CONVERSION = YES;
				CLANG_WARN_COMMA = YES;
				CLANG_WARN_CONSTANT_CONVERSION = YES;
				CLANG_WARN_DEPRECATED_OBJC_IMPLEMENTATIONS = YES;
				CLANG_WARN_DIRECT_OBJC_ISA_USAGE = YES_ERROR;
				CLANG_WARN_DOCUMENTATION_COMMENTS = YES;
				CLANG_WARN_EMPTY_BODY = YES;
				CLANG_WARN_ENUM_CONVERSION = YES;
				CLANG_WARN_INFINITE_RECURSION = YES;
				CLANG_WARN_INT_CONVERSION = YES;
				CLANG_WARN_NON_LITERAL_NULL_CONVERSION = YES;
				CLANG_WARN_OBJC_IMPLICIT_RETAIN_SELF = YES;
				CLANG_WARN_OBJC_LITERAL_CONVERSION = YES;
				CLANG_WARN_OBJC_ROOT_CLASS = YES_ERROR;
				CLANG_WARN_QUOTED_INCLUDE_IN_FRAMEWORK_HEADER = YES;
				CLANG_WARN_RANGE_LOOP_ANALYSIS = YES;
				CLANG_WARN_STRICT_PROTOTYPES = YES;
				CLANG_WARN_SUSPICIOUS_MOVE = YES;
				CLANG_WARN_UNGUARDED_AVAILABILITY = YES_AGGRESSIVE;
				CLANG_WARN_UNREACHABLE_CODE = YES;
				CLANG_WARN__DUPLICATE_METHOD_MATCH = YES;
				COPY_PHASE_STRIP = NO;
				DEBUG_INFORMATION_FORMAT = "dwarf-with-dsym";
				ENABLE_NS_ASSERTIONS = NO;
				ENABLE_STRICT_OBJC_MSGSEND = YES;
				GCC_C_LANGUAGE_STANDARD = gnu11;
				GCC_NO_COMMON_BLOCKS = YES;
				GCC_WARN_64_TO_32_BIT_CONVERSION = YES;
				GCC_WARN_ABOUT_RETURN_TYPE = YES_ERROR;
				GCC_WARN_UNDECLARED_SELECTOR = YES;
				GCC_WARN_UNINITIALIZED_AUTOS = YES_AGGRESSIVE;
				GCC_WARN_UNUSED_FUNCTION = YES;
				GCC_WARN_UNUSED_VARIABLE = YES;
				IPHONEOS_DEPLOYMENT_TARGET = 14.0;
				MTL_ENABLE_DEBUG_INFO = NO;
				MTL_FAST_MATH = YES;
				SDKROOT = iphoneos;
				SWIFT_COMPILATION_MODE = wholemodule;
				SWIFT_OPTIMIZATION_LEVEL = "-O";
				VALIDATE_PRODUCT = YES;
			};
			name = Release;
		};
		28637AD125549C9800B0FBBA /* Debug */ = {
			isa = XCBuildConfiguration;
			buildSettings = {
				ASSETCATALOG_COMPILER_APPICON_NAME = AppIcon;
				ASSETCATALOG_COMPILER_GLOBAL_ACCENT_COLOR_NAME = AccentColor;
				CODE_SIGN_STYLE = Automatic;
				DEVELOPMENT_ASSET_PATHS = "\"Shapes/Preview Content\"";
				ENABLE_PREVIEWS = YES;
				INFOPLIST_FILE = Shapes/Info.plist;
				LD_RUNPATH_SEARCH_PATHS = (
					"$(inherited)",
					"@executable_path/Frameworks",
				);
				PRODUCT_BUNDLE_IDENTIFIER = "Dmitrii-Voronin.Shapes";
				PRODUCT_NAME = "$(TARGET_NAME)";
				SWIFT_VERSION = 5.0;
				TARGETED_DEVICE_FAMILY = "1,2";
			};
			name = Debug;
		};
		28637AD225549C9800B0FBBA /* Release */ = {
			isa = XCBuildConfiguration;
			buildSettings = {
				ASSETCATALOG_COMPILER_APPICON_NAME = AppIcon;
				ASSETCATALOG_COMPILER_GLOBAL_ACCENT_COLOR_NAME = AccentColor;
				CODE_SIGN_STYLE = Automatic;
				DEVELOPMENT_ASSET_PATHS = "\"Shapes/Preview Content\"";
				ENABLE_PREVIEWS = YES;
				INFOPLIST_FILE = Shapes/Info.plist;
				LD_RUNPATH_SEARCH_PATHS = (
					"$(inherited)",
					"@executable_path/Frameworks",
				);
				PRODUCT_BUNDLE_IDENTIFIER = "Dmitrii-Voronin.Shapes";
				PRODUCT_NAME = "$(TARGET_NAME)";
				SWIFT_VERSION = 5.0;
				TARGETED_DEVICE_FAMILY = "1,2";
			};
			name = Release;
		};
		28637AD425549C9800B0FBBA /* Debug */ = {
			isa = XCBuildConfiguration;
			buildSettings = {
				ALWAYS_EMBED_SWIFT_STANDARD_LIBRARIES = YES;
				BUNDLE_LOADER = "$(TEST_HOST)";
				CODE_SIGN_STYLE = Automatic;
				INFOPLIST_FILE = ShapesTests/Info.plist;
				IPHONEOS_DEPLOYMENT_TARGET = 14.0;
				LD_RUNPATH_SEARCH_PATHS = (
					"$(inherited)",
					"@executable_path/Frameworks",
					"@loader_path/Frameworks",
				);
				PRODUCT_BUNDLE_IDENTIFIER = "Dmitrii-Voronin.ShapesTests";
				PRODUCT_NAME = "$(TARGET_NAME)";
				SWIFT_VERSION = 5.0;
				TARGETED_DEVICE_FAMILY = "1,2";
				TEST_HOST = "$(BUILT_PRODUCTS_DIR)/Shapes.app/Shapes";
			};
			name = Debug;
		};
		28637AD525549C9800B0FBBA /* Release */ = {
			isa = XCBuildConfiguration;
			buildSettings = {
				ALWAYS_EMBED_SWIFT_STANDARD_LIBRARIES = YES;
				BUNDLE_LOADER = "$(TEST_HOST)";
				CODE_SIGN_STYLE = Automatic;
				INFOPLIST_FILE = ShapesTests/Info.plist;
				IPHONEOS_DEPLOYMENT_TARGET = 14.0;
				LD_RUNPATH_SEARCH_PATHS = (
					"$(inherited)",
					"@executable_path/Frameworks",
					"@loader_path/Frameworks",
				);
				PRODUCT_BUNDLE_IDENTIFIER = "Dmitrii-Voronin.ShapesTests";
				PRODUCT_NAME = "$(TARGET_NAME)";
				SWIFT_VERSION = 5.0;
				TARGETED_DEVICE_FAMILY = "1,2";
				TEST_HOST = "$(BUILT_PRODUCTS_DIR)/Shapes.app/Shapes";
			};
			name = Release;
		};
		28637AD725549C9800B0FBBA /* Debug */ = {
			isa = XCBuildConfiguration;
			buildSettings = {
				ALWAYS_EMBED_SWIFT_STANDARD_LIBRARIES = YES;
				CODE_SIGN_STYLE = Automatic;
				INFOPLIST_FILE = ShapesUITests/Info.plist;
				LD_RUNPATH_SEARCH_PATHS = (
					"$(inherited)",
					"@executable_path/Frameworks",
					"@loader_path/Frameworks",
				);
				PRODUCT_BUNDLE_IDENTIFIER = "Dmitrii-Voronin.ShapesUITests";
				PRODUCT_NAME = "$(TARGET_NAME)";
				SWIFT_VERSION = 5.0;
				TARGETED_DEVICE_FAMILY = "1,2";
				TEST_TARGET_NAME = Shapes;
			};
			name = Debug;
		};
		28637AD825549C9800B0FBBA /* Release */ = {
			isa = XCBuildConfiguration;
			buildSettings = {
				ALWAYS_EMBED_SWIFT_STANDARD_LIBRARIES = YES;
				CODE_SIGN_STYLE = Automatic;
				INFOPLIST_FILE = ShapesUITests/Info.plist;
				LD_RUNPATH_SEARCH_PATHS = (
					"$(inherited)",
					"@executable_path/Frameworks",
					"@loader_path/Frameworks",
				);
				PRODUCT_BUNDLE_IDENTIFIER = "Dmitrii-Voronin.ShapesUITests";
				PRODUCT_NAME = "$(TARGET_NAME)";
				SWIFT_VERSION = 5.0;
				TARGETED_DEVICE_FAMILY = "1,2";
				TEST_TARGET_NAME = Shapes;
			};
			name = Release;
		};
/* End XCBuildConfiguration section */

/* Begin XCConfigurationList section */
		28637A9E25549C9600B0FBBA /* Build configuration list for PBXProject "Shapes" */ = {
			isa = XCConfigurationList;
			buildConfigurations = (
				28637ACE25549C9800B0FBBA /* Debug */,
				28637ACF25549C9800B0FBBA /* Release */,
			);
			defaultConfigurationIsVisible = 0;
			defaultConfigurationName = Release;
		};
		28637AD025549C9800B0FBBA /* Build configuration list for PBXNativeTarget "Shapes" */ = {
			isa = XCConfigurationList;
			buildConfigurations = (
				28637AD125549C9800B0FBBA /* Debug */,
				28637AD225549C9800B0FBBA /* Release */,
			);
			defaultConfigurationIsVisible = 0;
			defaultConfigurationName = Release;
		};
		28637AD325549C9800B0FBBA /* Build configuration list for PBXNativeTarget "ShapesTests" */ = {
			isa = XCConfigurationList;
			buildConfigurations = (
				28637AD425549C9800B0FBBA /* Debug */,
				28637AD525549C9800B0FBBA /* Release */,
			);
			defaultConfigurationIsVisible = 0;
			defaultConfigurationName = Release;
		};
		28637AD625549C9800B0FBBA /* Build configuration list for PBXNativeTarget "ShapesUITests" */ = {
			isa = XCConfigurationList;
			buildConfigurations = (
				28637AD725549C9800B0FBBA /* Debug */,
				28637AD825549C9800B0FBBA /* Release */,
			);
			defaultConfigurationIsVisible = 0;
			defaultConfigurationName = Release;
		};
/* End XCConfigurationList section */

/* Begin XCVersionGroup section */
		28637AAC25549C9600B0FBBA /* Shapes.xcdatamodeld */ = {
			isa = XCVersionGroup;
			children = (
				28637AAD25549C9600B0FBBA /* Shapes.xcdatamodel */,
			);
			currentVersion = 28637AAD25549C9600B0FBBA /* Shapes.xcdatamodel */;
			path = Shapes.xcdatamodeld;
			sourceTree = "<group>";
			versionGroupType = wrapper.xcdatamodel;
		};
/* End XCVersionGroup section */
	};
	rootObject = 28637A9B25549C9600B0FBBA /* Project object */;
}
