// !$*UTF8*$!
{
	archiveVersion = 1;
	classes = {
	};
	objectVersion = 50;
	objects = {

/* Begin PBXBuildFile section */
		28CAD738254B542600FC3EE4 /* AppDelegate.swift in Sources */ = {isa = PBXBuildFile; fileRef = 28CAD737254B542600FC3EE4 /* AppDelegate.swift */; };
		28CAD73A254B542600FC3EE4 /* SceneDelegate.swift in Sources */ = {isa = PBXBuildFile; fileRef = 28CAD739254B542600FC3EE4 /* SceneDelegate.swift */; };
		28CAD73C254B542600FC3EE4 /* ViewController.swift in Sources */ = {isa = PBXBuildFile; fileRef = 28CAD73B254B542600FC3EE4 /* ViewController.swift */; };
		28CAD73F254B542600FC3EE4 /* Main.storyboard in Resources */ = {isa = PBXBuildFile; fileRef = 28CAD73D254B542600FC3EE4 /* Main.storyboard */; };
		28CAD742254B542600FC3EE4 /* FigureWithStoryboard.xcdatamodeld in Sources */ = {isa = PBXBuildFile; fileRef = 28CAD740254B542600FC3EE4 /* FigureWithStoryboard.xcdatamodeld */; };
		28CAD744254B542700FC3EE4 /* Assets.xcassets in Resources */ = {isa = PBXBuildFile; fileRef = 28CAD743254B542700FC3EE4 /* Assets.xcassets */; };
		28CAD747254B542700FC3EE4 /* LaunchScreen.storyboard in Resources */ = {isa = PBXBuildFile; fileRef = 28CAD745254B542700FC3EE4 /* LaunchScreen.storyboard */; };
		28CAD752254B542800FC3EE4 /* FigureWithStoryboardTests.swift in Sources */ = {isa = PBXBuildFile; fileRef = 28CAD751254B542800FC3EE4 /* FigureWithStoryboardTests.swift */; };
		28CAD75D254B542800FC3EE4 /* FigureWithStoryboardUITests.swift in Sources */ = {isa = PBXBuildFile; fileRef = 28CAD75C254B542800FC3EE4 /* FigureWithStoryboardUITests.swift */; };
		28CAD780254DDE8600FC3EE4 /* Shapes.swift in Sources */ = {isa = PBXBuildFile; fileRef = 28CAD77F254DDE8600FC3EE4 /* Shapes.swift */; };
		28CAD786254DF01200FC3EE4 /* ShapeViewModel.swift in Sources */ = {isa = PBXBuildFile; fileRef = 28CAD785254DF01200FC3EE4 /* ShapeViewModel.swift */; };
		28CAD78C254DF0AA00FC3EE4 /* ShapeModel.swift in Sources */ = {isa = PBXBuildFile; fileRef = 28CAD78B254DF0AA00FC3EE4 /* ShapeModel.swift */; };
		28CAD794254DF32E00FC3EE4 /* Parser.swift in Sources */ = {isa = PBXBuildFile; fileRef = 28CAD793254DF32D00FC3EE4 /* Parser.swift */; };
		28CAD799254DF37B00FC3EE4 /* ParserImpl.swift in Sources */ = {isa = PBXBuildFile; fileRef = 28CAD798254DF37B00FC3EE4 /* ParserImpl.swift */; };
/* End PBXBuildFile section */

/* Begin PBXContainerItemProxy section */
		28CAD74E254B542800FC3EE4 /* PBXContainerItemProxy */ = {
			isa = PBXContainerItemProxy;
			containerPortal = 28CAD72C254B542600FC3EE4 /* Project object */;
			proxyType = 1;
			remoteGlobalIDString = 28CAD733254B542600FC3EE4;
			remoteInfo = FigureWithStoryboard;
		};
		28CAD759254B542800FC3EE4 /* PBXContainerItemProxy */ = {
			isa = PBXContainerItemProxy;
			containerPortal = 28CAD72C254B542600FC3EE4 /* Project object */;
			proxyType = 1;
			remoteGlobalIDString = 28CAD733254B542600FC3EE4;
			remoteInfo = FigureWithStoryboard;
		};
/* End PBXContainerItemProxy section */

/* Begin PBXFileReference section */
		28CAD734254B542600FC3EE4 /* FigureWithStoryboard.app */ = {isa = PBXFileReference; explicitFileType = wrapper.application; includeInIndex = 0; path = FigureWithStoryboard.app; sourceTree = BUILT_PRODUCTS_DIR; };
		28CAD737254B542600FC3EE4 /* AppDelegate.swift */ = {isa = PBXFileReference; lastKnownFileType = sourcecode.swift; path = AppDelegate.swift; sourceTree = "<group>"; };
		28CAD739254B542600FC3EE4 /* SceneDelegate.swift */ = {isa = PBXFileReference; lastKnownFileType = sourcecode.swift; path = SceneDelegate.swift; sourceTree = "<group>"; };
		28CAD73B254B542600FC3EE4 /* ViewController.swift */ = {isa = PBXFileReference; lastKnownFileType = sourcecode.swift; path = ViewController.swift; sourceTree = "<group>"; };
		28CAD73E254B542600FC3EE4 /* Base */ = {isa = PBXFileReference; lastKnownFileType = file.storyboard; name = Base; path = Base.lproj/Main.storyboard; sourceTree = "<group>"; };
		28CAD741254B542600FC3EE4 /* FigureWithStoryboard.xcdatamodel */ = {isa = PBXFileReference; lastKnownFileType = wrapper.xcdatamodel; path = FigureWithStoryboard.xcdatamodel; sourceTree = "<group>"; };
		28CAD743254B542700FC3EE4 /* Assets.xcassets */ = {isa = PBXFileReference; lastKnownFileType = folder.assetcatalog; path = Assets.xcassets; sourceTree = "<group>"; };
		28CAD746254B542700FC3EE4 /* Base */ = {isa = PBXFileReference; lastKnownFileType = file.storyboard; name = Base; path = Base.lproj/LaunchScreen.storyboard; sourceTree = "<group>"; };
		28CAD748254B542700FC3EE4 /* Info.plist */ = {isa = PBXFileReference; lastKnownFileType = text.plist.xml; path = Info.plist; sourceTree = "<group>"; };
		28CAD74D254B542800FC3EE4 /* FigureWithStoryboardTests.xctest */ = {isa = PBXFileReference; explicitFileType = wrapper.cfbundle; includeInIndex = 0; path = FigureWithStoryboardTests.xctest; sourceTree = BUILT_PRODUCTS_DIR; };
		28CAD751254B542800FC3EE4 /* FigureWithStoryboardTests.swift */ = {isa = PBXFileReference; lastKnownFileType = sourcecode.swift; path = FigureWithStoryboardTests.swift; sourceTree = "<group>"; };
		28CAD753254B542800FC3EE4 /* Info.plist */ = {isa = PBXFileReference; lastKnownFileType = text.plist.xml; path = Info.plist; sourceTree = "<group>"; };
		28CAD758254B542800FC3EE4 /* FigureWithStoryboardUITests.xctest */ = {isa = PBXFileReference; explicitFileType = wrapper.cfbundle; includeInIndex = 0; path = FigureWithStoryboardUITests.xctest; sourceTree = BUILT_PRODUCTS_DIR; };
		28CAD75C254B542800FC3EE4 /* FigureWithStoryboardUITests.swift */ = {isa = PBXFileReference; lastKnownFileType = sourcecode.swift; path = FigureWithStoryboardUITests.swift; sourceTree = "<group>"; };
		28CAD75E254B542800FC3EE4 /* Info.plist */ = {isa = PBXFileReference; lastKnownFileType = text.plist.xml; path = Info.plist; sourceTree = "<group>"; };
		28CAD77F254DDE8600FC3EE4 /* Shapes.swift */ = {isa = PBXFileReference; lastKnownFileType = sourcecode.swift; path = Shapes.swift; sourceTree = "<group>"; };
		28CAD785254DF01200FC3EE4 /* ShapeViewModel.swift */ = {isa = PBXFileReference; lastKnownFileType = sourcecode.swift; path = ShapeViewModel.swift; sourceTree = "<group>"; };
		28CAD78B254DF0AA00FC3EE4 /* ShapeModel.swift */ = {isa = PBXFileReference; lastKnownFileType = sourcecode.swift; path = ShapeModel.swift; sourceTree = "<group>"; };
		28CAD793254DF32D00FC3EE4 /* Parser.swift */ = {isa = PBXFileReference; lastKnownFileType = sourcecode.swift; path = Parser.swift; sourceTree = "<group>"; };
		28CAD798254DF37B00FC3EE4 /* ParserImpl.swift */ = {isa = PBXFileReference; lastKnownFileType = sourcecode.swift; path = ParserImpl.swift; sourceTree = "<group>"; };
/* End PBXFileReference section */

/* Begin PBXFrameworksBuildPhase section */
		28CAD731254B542600FC3EE4 /* Frameworks */ = {
			isa = PBXFrameworksBuildPhase;
			buildActionMask = 2147483647;
			files = (
			);
			runOnlyForDeploymentPostprocessing = 0;
		};
		28CAD74A254B542800FC3EE4 /* Frameworks */ = {
			isa = PBXFrameworksBuildPhase;
			buildActionMask = 2147483647;
			files = (
			);
			runOnlyForDeploymentPostprocessing = 0;
		};
		28CAD755254B542800FC3EE4 /* Frameworks */ = {
			isa = PBXFrameworksBuildPhase;
			buildActionMask = 2147483647;
			files = (
			);
			runOnlyForDeploymentPostprocessing = 0;
		};
/* End PBXFrameworksBuildPhase section */

/* Begin PBXGroup section */
		28CAD72B254B542600FC3EE4 = {
			isa = PBXGroup;
			children = (
				28CAD736254B542600FC3EE4 /* FigureWithStoryboard */,
				28CAD750254B542800FC3EE4 /* FigureWithStoryboardTests */,
				28CAD75B254B542800FC3EE4 /* FigureWithStoryboardUITests */,
				28CAD735254B542600FC3EE4 /* Products */,
			);
			sourceTree = "<group>";
		};
		28CAD735254B542600FC3EE4 /* Products */ = {
			isa = PBXGroup;
			children = (
				28CAD734254B542600FC3EE4 /* FigureWithStoryboard.app */,
				28CAD74D254B542800FC3EE4 /* FigureWithStoryboardTests.xctest */,
				28CAD758254B542800FC3EE4 /* FigureWithStoryboardUITests.xctest */,
			);
			name = Products;
			sourceTree = "<group>";
		};
		28CAD736254B542600FC3EE4 /* FigureWithStoryboard */ = {
			isa = PBXGroup;
			children = (
				28CAD790254DF2AA00FC3EE4 /* App */,
				28CAD78A254DF06100FC3EE4 /* Models */,
				28CAD784254DEFD300FC3EE4 /* ViewModel */,
				28CAD737254B542600FC3EE4 /* AppDelegate.swift */,
				28CAD739254B542600FC3EE4 /* SceneDelegate.swift */,
				28CAD73B254B542600FC3EE4 /* ViewController.swift */,
				28CAD73D254B542600FC3EE4 /* Main.storyboard */,
				28CAD743254B542700FC3EE4 /* Assets.xcassets */,
				28CAD745254B542700FC3EE4 /* LaunchScreen.storyboard */,
				28CAD748254B542700FC3EE4 /* Info.plist */,
				28CAD740254B542600FC3EE4 /* FigureWithStoryboard.xcdatamodeld */,
				28CAD77F254DDE8600FC3EE4 /* Shapes.swift */,
			);
			path = FigureWithStoryboard;
			sourceTree = "<group>";
		};
		28CAD750254B542800FC3EE4 /* FigureWithStoryboardTests */ = {
			isa = PBXGroup;
			children = (
				28CAD751254B542800FC3EE4 /* FigureWithStoryboardTests.swift */,
				28CAD753254B542800FC3EE4 /* Info.plist */,
			);
			path = FigureWithStoryboardTests;
			sourceTree = "<group>";
		};
		28CAD75B254B542800FC3EE4 /* FigureWithStoryboardUITests */ = {
			isa = PBXGroup;
			children = (
				28CAD75C254B542800FC3EE4 /* FigureWithStoryboardUITests.swift */,
				28CAD75E254B542800FC3EE4 /* Info.plist */,
			);
			path = FigureWithStoryboardUITests;
			sourceTree = "<group>";
		};
		28CAD784254DEFD300FC3EE4 /* ViewModel */ = {
			isa = PBXGroup;
			children = (
				28CAD785254DF01200FC3EE4 /* ShapeViewModel.swift */,
			);
			path = ViewModel;
			sourceTree = "<group>";
		};
		28CAD78A254DF06100FC3EE4 /* Models */ = {
			isa = PBXGroup;
			children = (
				28CAD78B254DF0AA00FC3EE4 /* ShapeModel.swift */,
			);
			path = Models;
			sourceTree = "<group>";
		};
		28CAD790254DF2AA00FC3EE4 /* App */ = {
			isa = PBXGroup;
			children = (
				28CAD791254DF2B100FC3EE4 /* UseCase */,
			);
			path = App;
			sourceTree = "<group>";
		};
		28CAD791254DF2B100FC3EE4 /* UseCase */ = {
			isa = PBXGroup;
			children = (
				28CAD792254DF31C00FC3EE4 /* Parser */,
			);
			path = UseCase;
			sourceTree = "<group>";
		};
		28CAD792254DF31C00FC3EE4 /* Parser */ = {
			isa = PBXGroup;
			children = (
				28CAD793254DF32D00FC3EE4 /* Parser.swift */,
				28CAD798254DF37B00FC3EE4 /* ParserImpl.swift */,
			);
			path = Parser;
			sourceTree = "<group>";
		};
/* End PBXGroup section */

/* Begin PBXNativeTarget section */
		28CAD733254B542600FC3EE4 /* FigureWithStoryboard */ = {
			isa = PBXNativeTarget;
			buildConfigurationList = 28CAD761254B542800FC3EE4 /* Build configuration list for PBXNativeTarget "FigureWithStoryboard" */;
			buildPhases = (
				28CAD730254B542600FC3EE4 /* Sources */,
				28CAD731254B542600FC3EE4 /* Frameworks */,
				28CAD732254B542600FC3EE4 /* Resources */,
			);
			buildRules = (
			);
			dependencies = (
			);
			name = FigureWithStoryboard;
			productName = FigureWithStoryboard;
			productReference = 28CAD734254B542600FC3EE4 /* FigureWithStoryboard.app */;
			productType = "com.apple.product-type.application";
		};
		28CAD74C254B542800FC3EE4 /* FigureWithStoryboardTests */ = {
			isa = PBXNativeTarget;
			buildConfigurationList = 28CAD764254B542800FC3EE4 /* Build configuration list for PBXNativeTarget "FigureWithStoryboardTests" */;
			buildPhases = (
				28CAD749254B542800FC3EE4 /* Sources */,
				28CAD74A254B542800FC3EE4 /* Frameworks */,
				28CAD74B254B542800FC3EE4 /* Resources */,
			);
			buildRules = (
			);
			dependencies = (
				28CAD74F254B542800FC3EE4 /* PBXTargetDependency */,
			);
			name = FigureWithStoryboardTests;
			productName = FigureWithStoryboardTests;
			productReference = 28CAD74D254B542800FC3EE4 /* FigureWithStoryboardTests.xctest */;
			productType = "com.apple.product-type.bundle.unit-test";
		};
		28CAD757254B542800FC3EE4 /* FigureWithStoryboardUITests */ = {
			isa = PBXNativeTarget;
			buildConfigurationList = 28CAD767254B542800FC3EE4 /* Build configuration list for PBXNativeTarget "FigureWithStoryboardUITests" */;
			buildPhases = (
				28CAD754254B542800FC3EE4 /* Sources */,
				28CAD755254B542800FC3EE4 /* Frameworks */,
				28CAD756254B542800FC3EE4 /* Resources */,
			);
			buildRules = (
			);
			dependencies = (
				28CAD75A254B542800FC3EE4 /* PBXTargetDependency */,
			);
			name = FigureWithStoryboardUITests;
			productName = FigureWithStoryboardUITests;
			productReference = 28CAD758254B542800FC3EE4 /* FigureWithStoryboardUITests.xctest */;
			productType = "com.apple.product-type.bundle.ui-testing";
		};
/* End PBXNativeTarget section */

/* Begin PBXProject section */
		28CAD72C254B542600FC3EE4 /* Project object */ = {
			isa = PBXProject;
			attributes = {
				LastSwiftUpdateCheck = 1200;
				LastUpgradeCheck = 1200;
				TargetAttributes = {
					28CAD733254B542600FC3EE4 = {
						CreatedOnToolsVersion = 12.0.1;
					};
					28CAD74C254B542800FC3EE4 = {
						CreatedOnToolsVersion = 12.0.1;
						TestTargetID = 28CAD733254B542600FC3EE4;
					};
					28CAD757254B542800FC3EE4 = {
						CreatedOnToolsVersion = 12.0.1;
						TestTargetID = 28CAD733254B542600FC3EE4;
					};
				};
			};
			buildConfigurationList = 28CAD72F254B542600FC3EE4 /* Build configuration list for PBXProject "FigureWithStoryboard" */;
			compatibilityVersion = "Xcode 9.3";
			developmentRegion = en;
			hasScannedForEncodings = 0;
			knownRegions = (
				en,
				Base,
			);
			mainGroup = 28CAD72B254B542600FC3EE4;
			productRefGroup = 28CAD735254B542600FC3EE4 /* Products */;
			projectDirPath = "";
			projectRoot = "";
			targets = (
				28CAD733254B542600FC3EE4 /* FigureWithStoryboard */,
				28CAD74C254B542800FC3EE4 /* FigureWithStoryboardTests */,
				28CAD757254B542800FC3EE4 /* FigureWithStoryboardUITests */,
			);
		};
/* End PBXProject section */

/* Begin PBXResourcesBuildPhase section */
		28CAD732254B542600FC3EE4 /* Resources */ = {
			isa = PBXResourcesBuildPhase;
			buildActionMask = 2147483647;
			files = (
				28CAD747254B542700FC3EE4 /* LaunchScreen.storyboard in Resources */,
				28CAD744254B542700FC3EE4 /* Assets.xcassets in Resources */,
				28CAD73F254B542600FC3EE4 /* Main.storyboard in Resources */,
			);
			runOnlyForDeploymentPostprocessing = 0;
		};
		28CAD74B254B542800FC3EE4 /* Resources */ = {
			isa = PBXResourcesBuildPhase;
			buildActionMask = 2147483647;
			files = (
			);
			runOnlyForDeploymentPostprocessing = 0;
		};
		28CAD756254B542800FC3EE4 /* Resources */ = {
			isa = PBXResourcesBuildPhase;
			buildActionMask = 2147483647;
			files = (
			);
			runOnlyForDeploymentPostprocessing = 0;
		};
/* End PBXResourcesBuildPhase section */

/* Begin PBXSourcesBuildPhase section */
		28CAD730254B542600FC3EE4 /* Sources */ = {
			isa = PBXSourcesBuildPhase;
			buildActionMask = 2147483647;
			files = (
				28CAD742254B542600FC3EE4 /* FigureWithStoryboard.xcdatamodeld in Sources */,
				28CAD73C254B542600FC3EE4 /* ViewController.swift in Sources */,
				28CAD786254DF01200FC3EE4 /* ShapeViewModel.swift in Sources */,
				28CAD799254DF37B00FC3EE4 /* ParserImpl.swift in Sources */,
				28CAD78C254DF0AA00FC3EE4 /* ShapeModel.swift in Sources */,
				28CAD794254DF32E00FC3EE4 /* Parser.swift in Sources */,
				28CAD780254DDE8600FC3EE4 /* Shapes.swift in Sources */,
				28CAD738254B542600FC3EE4 /* AppDelegate.swift in Sources */,
				28CAD73A254B542600FC3EE4 /* SceneDelegate.swift in Sources */,
			);
			runOnlyForDeploymentPostprocessing = 0;
		};
		28CAD749254B542800FC3EE4 /* Sources */ = {
			isa = PBXSourcesBuildPhase;
			buildActionMask = 2147483647;
			files = (
				28CAD752254B542800FC3EE4 /* FigureWithStoryboardTests.swift in Sources */,
			);
			runOnlyForDeploymentPostprocessing = 0;
		};
		28CAD754254B542800FC3EE4 /* Sources */ = {
			isa = PBXSourcesBuildPhase;
			buildActionMask = 2147483647;
			files = (
				28CAD75D254B542800FC3EE4 /* FigureWithStoryboardUITests.swift in Sources */,
			);
			runOnlyForDeploymentPostprocessing = 0;
		};
/* End PBXSourcesBuildPhase section */

/* Begin PBXTargetDependency section */
		28CAD74F254B542800FC3EE4 /* PBXTargetDependency */ = {
			isa = PBXTargetDependency;
			target = 28CAD733254B542600FC3EE4 /* FigureWithStoryboard */;
			targetProxy = 28CAD74E254B542800FC3EE4 /* PBXContainerItemProxy */;
		};
		28CAD75A254B542800FC3EE4 /* PBXTargetDependency */ = {
			isa = PBXTargetDependency;
			target = 28CAD733254B542600FC3EE4 /* FigureWithStoryboard */;
			targetProxy = 28CAD759254B542800FC3EE4 /* PBXContainerItemProxy */;
		};
/* End PBXTargetDependency section */

/* Begin PBXVariantGroup section */
		28CAD73D254B542600FC3EE4 /* Main.storyboard */ = {
			isa = PBXVariantGroup;
			children = (
				28CAD73E254B542600FC3EE4 /* Base */,
			);
			name = Main.storyboard;
			sourceTree = "<group>";
		};
		28CAD745254B542700FC3EE4 /* LaunchScreen.storyboard */ = {
			isa = PBXVariantGroup;
			children = (
				28CAD746254B542700FC3EE4 /* Base */,
			);
			name = LaunchScreen.storyboard;
			sourceTree = "<group>";
		};
/* End PBXVariantGroup section */

/* Begin XCBuildConfiguration section */
		28CAD75F254B542800FC3EE4 /* Debug */ = {
			isa = XCBuildConfiguration;
			buildSettings = {
				ALWAYS_SEARCH_USER_PATHS = NO;
				CLANG_ANALYZER_NONNULL = YES;
				CLANG_ANALYZER_NUMBER_OBJECT_CONVERSION = YES_AGGRESSIVE;
				CLANG_CXX_LANGUAGE_STANDARD = "gnu++14";
				CLANG_CXX_LIBRARY = "libc++";
				CLANG_ENABLE_MODULES = YES;
				CLANG_ENABLE_OBJC_ARC = YES;
				CLANG_ENABLE_OBJC_WEAK = YES;
				CLANG_WARN_BLOCK_CAPTURE_AUTORELEASING = YES;
				CLANG_WARN_BOOL_CONVERSION = YES;
				CLANG_WARN_COMMA = YES;
				CLANG_WARN_CONSTANT_CONVERSION = YES;
				CLANG_WARN_DEPRECATED_OBJC_IMPLEMENTATIONS = YES;
				CLANG_WARN_DIRECT_OBJC_ISA_USAGE = YES_ERROR;
				CLANG_WARN_DOCUMENTATION_COMMENTS = YES;
				CLANG_WARN_EMPTY_BODY = YES;
				CLANG_WARN_ENUM_CONVERSION = YES;
				CLANG_WARN_INFINITE_RECURSION = YES;
				CLANG_WARN_INT_CONVERSION = YES;
				CLANG_WARN_NON_LITERAL_NULL_CONVERSION = YES;
				CLANG_WARN_OBJC_IMPLICIT_RETAIN_SELF = YES;
				CLANG_WARN_OBJC_LITERAL_CONVERSION = YES;
				CLANG_WARN_OBJC_ROOT_CLASS = YES_ERROR;
				CLANG_WARN_QUOTED_INCLUDE_IN_FRAMEWORK_HEADER = YES;
				CLANG_WARN_RANGE_LOOP_ANALYSIS = YES;
				CLANG_WARN_STRICT_PROTOTYPES = YES;
				CLANG_WARN_SUSPICIOUS_MOVE = YES;
				CLANG_WARN_UNGUARDED_AVAILABILITY = YES_AGGRESSIVE;
				CLANG_WARN_UNREACHABLE_CODE = YES;
				CLANG_WARN__DUPLICATE_METHOD_MATCH = YES;
				COPY_PHASE_STRIP = NO;
				DEBUG_INFORMATION_FORMAT = dwarf;
				ENABLE_STRICT_OBJC_MSGSEND = YES;
				ENABLE_TESTABILITY = YES;
				GCC_C_LANGUAGE_STANDARD = gnu11;
				GCC_DYNAMIC_NO_PIC = NO;
				GCC_NO_COMMON_BLOCKS = YES;
				GCC_OPTIMIZATION_LEVEL = 0;
				GCC_PREPROCESSOR_DEFINITIONS = (
					"DEBUG=1",
					"$(inherited)",
				);
				GCC_WARN_64_TO_32_BIT_CONVERSION = YES;
				GCC_WARN_ABOUT_RETURN_TYPE = YES_ERROR;
				GCC_WARN_UNDECLARED_SELECTOR = YES;
				GCC_WARN_UNINITIALIZED_AUTOS = YES_AGGRESSIVE;
				GCC_WARN_UNUSED_FUNCTION = YES;
				GCC_WARN_UNUSED_VARIABLE = YES;
				IPHONEOS_DEPLOYMENT_TARGET = 14.0;
				MTL_ENABLE_DEBUG_INFO = INCLUDE_SOURCE;
				MTL_FAST_MATH = YES;
				ONLY_ACTIVE_ARCH = YES;
				SDKROOT = iphoneos;
				SWIFT_ACTIVE_COMPILATION_CONDITIONS = DEBUG;
				SWIFT_OPTIMIZATION_LEVEL = "-Onone";
			};
			name = Debug;
		};
		28CAD760254B542800FC3EE4 /* Release */ = {
			isa = XCBuildConfiguration;
			buildSettings = {
				ALWAYS_SEARCH_USER_PATHS = NO;
				CLANG_ANALYZER_NONNULL = YES;
				CLANG_ANALYZER_NUMBER_OBJECT_CONVERSION = YES_AGGRESSIVE;
				CLANG_CXX_LANGUAGE_STANDARD = "gnu++14";
				CLANG_CXX_LIBRARY = "libc++";
				CLANG_ENABLE_MODULES = YES;
				CLANG_ENABLE_OBJC_ARC = YES;
				CLANG_ENABLE_OBJC_WEAK = YES;
				CLANG_WARN_BLOCK_CAPTURE_AUTORELEASING = YES;
				CLANG_WARN_BOOL_CONVERSION = YES;
				CLANG_WARN_COMMA = YES;
				CLANG_WARN_CONSTANT_CONVERSION = YES;
				CLANG_WARN_DEPRECATED_OBJC_IMPLEMENTATIONS = YES;
				CLANG_WARN_DIRECT_OBJC_ISA_USAGE = YES_ERROR;
				CLANG_WARN_DOCUMENTATION_COMMENTS = YES;
				CLANG_WARN_EMPTY_BODY = YES;
				CLANG_WARN_ENUM_CONVERSION = YES;
				CLANG_WARN_INFINITE_RECURSION = YES;
				CLANG_WARN_INT_CONVERSION = YES;
				CLANG_WARN_NON_LITERAL_NULL_CONVERSION = YES;
				CLANG_WARN_OBJC_IMPLICIT_RETAIN_SELF = YES;
				CLANG_WARN_OBJC_LITERAL_CONVERSION = YES;
				CLANG_WARN_OBJC_ROOT_CLASS = YES_ERROR;
				CLANG_WARN_QUOTED_INCLUDE_IN_FRAMEWORK_HEADER = YES;
				CLANG_WARN_RANGE_LOOP_ANALYSIS = YES;
				CLANG_WARN_STRICT_PROTOTYPES = YES;
				CLANG_WARN_SUSPICIOUS_MOVE = YES;
				CLANG_WARN_UNGUARDED_AVAILABILITY = YES_AGGRESSIVE;
				CLANG_WARN_UNREACHABLE_CODE = YES;
				CLANG_WARN__DUPLICATE_METHOD_MATCH = YES;
				COPY_PHASE_STRIP = NO;
				DEBUG_INFORMATION_FORMAT = "dwarf-with-dsym";
				ENABLE_NS_ASSERTIONS = NO;
				ENABLE_STRICT_OBJC_MSGSEND = YES;
				GCC_C_LANGUAGE_STANDARD = gnu11;
				GCC_NO_COMMON_BLOCKS = YES;
				GCC_WARN_64_TO_32_BIT_CONVERSION = YES;
				GCC_WARN_ABOUT_RETURN_TYPE = YES_ERROR;
				GCC_WARN_UNDECLARED_SELECTOR = YES;
				GCC_WARN_UNINITIALIZED_AUTOS = YES_AGGRESSIVE;
				GCC_WARN_UNUSED_FUNCTION = YES;
				GCC_WARN_UNUSED_VARIABLE = YES;
				IPHONEOS_DEPLOYMENT_TARGET = 14.0;
				MTL_ENABLE_DEBUG_INFO = NO;
				MTL_FAST_MATH = YES;
				SDKROOT = iphoneos;
				SWIFT_COMPILATION_MODE = wholemodule;
				SWIFT_OPTIMIZATION_LEVEL = "-O";
				VALIDATE_PRODUCT = YES;
			};
			name = Release;
		};
		28CAD762254B542800FC3EE4 /* Debug */ = {
			isa = XCBuildConfiguration;
			buildSettings = {
				ASSETCATALOG_COMPILER_APPICON_NAME = AppIcon;
				ASSETCATALOG_COMPILER_GLOBAL_ACCENT_COLOR_NAME = AccentColor;
				CODE_SIGN_STYLE = Automatic;
				INFOPLIST_FILE = FigureWithStoryboard/Info.plist;
				LD_RUNPATH_SEARCH_PATHS = (
					"$(inherited)",
					"@executable_path/Frameworks",
				);
				PRODUCT_BUNDLE_IDENTIFIER = "Dmitrii-Voronin.FigureWithStoryboard";
				PRODUCT_NAME = "$(TARGET_NAME)";
				SWIFT_VERSION = 5.0;
				TARGETED_DEVICE_FAMILY = "1,2";
			};
			name = Debug;
		};
		28CAD763254B542800FC3EE4 /* Release */ = {
			isa = XCBuildConfiguration;
			buildSettings = {
				ASSETCATALOG_COMPILER_APPICON_NAME = AppIcon;
				ASSETCATALOG_COMPILER_GLOBAL_ACCENT_COLOR_NAME = AccentColor;
				CODE_SIGN_STYLE = Automatic;
				INFOPLIST_FILE = FigureWithStoryboard/Info.plist;
				LD_RUNPATH_SEARCH_PATHS = (
					"$(inherited)",
					"@executable_path/Frameworks",
				);
				PRODUCT_BUNDLE_IDENTIFIER = "Dmitrii-Voronin.FigureWithStoryboard";
				PRODUCT_NAME = "$(TARGET_NAME)";
				SWIFT_VERSION = 5.0;
				TARGETED_DEVICE_FAMILY = "1,2";
			};
			name = Release;
		};
		28CAD765254B542800FC3EE4 /* Debug */ = {
			isa = XCBuildConfiguration;
			buildSettings = {
				ALWAYS_EMBED_SWIFT_STANDARD_LIBRARIES = YES;
				BUNDLE_LOADER = "$(TEST_HOST)";
				CODE_SIGN_STYLE = Automatic;
				INFOPLIST_FILE = FigureWithStoryboardTests/Info.plist;
				IPHONEOS_DEPLOYMENT_TARGET = 14.0;
				LD_RUNPATH_SEARCH_PATHS = (
					"$(inherited)",
					"@executable_path/Frameworks",
					"@loader_path/Frameworks",
				);
				PRODUCT_BUNDLE_IDENTIFIER = "Dmitrii-Voronin.FigureWithStoryboardTests";
				PRODUCT_NAME = "$(TARGET_NAME)";
				SWIFT_VERSION = 5.0;
				TARGETED_DEVICE_FAMILY = "1,2";
				TEST_HOST = "$(BUILT_PRODUCTS_DIR)/FigureWithStoryboard.app/FigureWithStoryboard";
			};
			name = Debug;
		};
		28CAD766254B542800FC3EE4 /* Release */ = {
			isa = XCBuildConfiguration;
			buildSettings = {
				ALWAYS_EMBED_SWIFT_STANDARD_LIBRARIES = YES;
				BUNDLE_LOADER = "$(TEST_HOST)";
				CODE_SIGN_STYLE = Automatic;
				INFOPLIST_FILE = FigureWithStoryboardTests/Info.plist;
				IPHONEOS_DEPLOYMENT_TARGET = 14.0;
				LD_RUNPATH_SEARCH_PATHS = (
					"$(inherited)",
					"@executable_path/Frameworks",
					"@loader_path/Frameworks",
				);
				PRODUCT_BUNDLE_IDENTIFIER = "Dmitrii-Voronin.FigureWithStoryboardTests";
				PRODUCT_NAME = "$(TARGET_NAME)";
				SWIFT_VERSION = 5.0;
				TARGETED_DEVICE_FAMILY = "1,2";
				TEST_HOST = "$(BUILT_PRODUCTS_DIR)/FigureWithStoryboard.app/FigureWithStoryboard";
			};
			name = Release;
		};
		28CAD768254B542800FC3EE4 /* Debug */ = {
			isa = XCBuildConfiguration;
			buildSettings = {
				ALWAYS_EMBED_SWIFT_STANDARD_LIBRARIES = YES;
				CODE_SIGN_STYLE = Automatic;
				INFOPLIST_FILE = FigureWithStoryboardUITests/Info.plist;
				LD_RUNPATH_SEARCH_PATHS = (
					"$(inherited)",
					"@executable_path/Frameworks",
					"@loader_path/Frameworks",
				);
				PRODUCT_BUNDLE_IDENTIFIER = "Dmitrii-Voronin.FigureWithStoryboardUITests";
				PRODUCT_NAME = "$(TARGET_NAME)";
				SWIFT_VERSION = 5.0;
				TARGETED_DEVICE_FAMILY = "1,2";
				TEST_TARGET_NAME = FigureWithStoryboard;
			};
			name = Debug;
		};
		28CAD769254B542800FC3EE4 /* Release */ = {
			isa = XCBuildConfiguration;
			buildSettings = {
				ALWAYS_EMBED_SWIFT_STANDARD_LIBRARIES = YES;
				CODE_SIGN_STYLE = Automatic;
				INFOPLIST_FILE = FigureWithStoryboardUITests/Info.plist;
				LD_RUNPATH_SEARCH_PATHS = (
					"$(inherited)",
					"@executable_path/Frameworks",
					"@loader_path/Frameworks",
				);
				PRODUCT_BUNDLE_IDENTIFIER = "Dmitrii-Voronin.FigureWithStoryboardUITests";
				PRODUCT_NAME = "$(TARGET_NAME)";
				SWIFT_VERSION = 5.0;
				TARGETED_DEVICE_FAMILY = "1,2";
				TEST_TARGET_NAME = FigureWithStoryboard;
			};
			name = Release;
		};
/* End XCBuildConfiguration section */

/* Begin XCConfigurationList section */
		28CAD72F254B542600FC3EE4 /* Build configuration list for PBXProject "FigureWithStoryboard" */ = {
			isa = XCConfigurationList;
			buildConfigurations = (
				28CAD75F254B542800FC3EE4 /* Debug */,
				28CAD760254B542800FC3EE4 /* Release */,
			);
			defaultConfigurationIsVisible = 0;
			defaultConfigurationName = Release;
		};
		28CAD761254B542800FC3EE4 /* Build configuration list for PBXNativeTarget "FigureWithStoryboard" */ = {
			isa = XCConfigurationList;
			buildConfigurations = (
				28CAD762254B542800FC3EE4 /* Debug */,
				28CAD763254B542800FC3EE4 /* Release */,
			);
			defaultConfigurationIsVisible = 0;
			defaultConfigurationName = Release;
		};
		28CAD764254B542800FC3EE4 /* Build configuration list for PBXNativeTarget "FigureWithStoryboardTests" */ = {
			isa = XCConfigurationList;
			buildConfigurations = (
				28CAD765254B542800FC3EE4 /* Debug */,
				28CAD766254B542800FC3EE4 /* Release */,
			);
			defaultConfigurationIsVisible = 0;
			defaultConfigurationName = Release;
		};
		28CAD767254B542800FC3EE4 /* Build configuration list for PBXNativeTarget "FigureWithStoryboardUITests" */ = {
			isa = XCConfigurationList;
			buildConfigurations = (
				28CAD768254B542800FC3EE4 /* Debug */,
				28CAD769254B542800FC3EE4 /* Release */,
			);
			defaultConfigurationIsVisible = 0;
			defaultConfigurationName = Release;
		};
/* End XCConfigurationList section */

/* Begin XCVersionGroup section */
		28CAD740254B542600FC3EE4 /* FigureWithStoryboard.xcdatamodeld */ = {
			isa = XCVersionGroup;
			children = (
				28CAD741254B542600FC3EE4 /* FigureWithStoryboard.xcdatamodel */,
			);
			currentVersion = 28CAD741254B542600FC3EE4 /* FigureWithStoryboard.xcdatamodel */;
			path = FigureWithStoryboard.xcdatamodeld;
			sourceTree = "<group>";
			versionGroupType = wrapper.xcdatamodel;
		};
/* End XCVersionGroup section */
	};
	rootObject = 28CAD72C254B542600FC3EE4 /* Project object */;
}
